// !$*UTF8*$!
{
	archiveVersion = 1;
	classes = {
	};
	objectVersion = 46;
	objects = {

/* Begin PBXBuildFile section */
		D018E18217EFEAA400A132E8 /* logo@2x.png in Resources */ = {isa = PBXBuildFile; fileRef = D018E18117EFEAA400A132E8 /* logo@2x.png */; };
		D02A4DA917EA880100BB7CCD /* comapanyCell.m in Sources */ = {isa = PBXBuildFile; fileRef = D02A4DA817EA880000BB7CCD /* comapanyCell.m */; };
		D02A4DAB17EA892000BB7CCD /* cp_header@2x.png in Resources */ = {isa = PBXBuildFile; fileRef = D02A4DAA17EA892000BB7CCD /* cp_header@2x.png */; };
		D040F3F417E8DEE30017A174 /* stockInit.m in Sources */ = {isa = PBXBuildFile; fileRef = D040F3F317E8DEE30017A174 /* stockInit.m */; };
		D040F3F717E8DF6C0017A174 /* brokerCell.m in Sources */ = {isa = PBXBuildFile; fileRef = D040F3F617E8DF6C0017A174 /* brokerCell.m */; };
		D040F3F917E8E1500017A174 /* bq_header@2x.png in Resources */ = {isa = PBXBuildFile; fileRef = D040F3F817E8E1500017A174 /* bq_header@2x.png */; };
		D040F3FB17E982960017A174 /* details@2x.png in Resources */ = {isa = PBXBuildFile; fileRef = D040F3FA17E982960017A174 /* details@2x.png */; };
		D041468F17EE0E5500DE2E31 /* PaninStreamer.m in Sources */ = {isa = PBXBuildFile; fileRef = D041468E17EE0E5500DE2E31 /* PaninStreamer.m */; };
		D041469317EEA40C00DE2E31 /* Company_fetcher.m in Sources */ = {isa = PBXBuildFile; fileRef = D041469217EEA40C00DE2E31 /* Company_fetcher.m */; };
		D041469D17EECD0500DE2E31 /* login.m in Sources */ = {isa = PBXBuildFile; fileRef = D041469C17EECD0500DE2E31 /* login.m */; };
		D04146A117EECD2400DE2E31 /* broker.m in Sources */ = {isa = PBXBuildFile; fileRef = D04146A017EECD2400DE2E31 /* broker.m */; };
		D07FA5C417E3F488000FE15E /* navbar@2x.png in Resources */ = {isa = PBXBuildFile; fileRef = D07FA5C317E3F488000FE15E /* navbar@2x.png */; };
		D07FA5C817E45713000FE15E /* liveTradeCell.m in Sources */ = {isa = PBXBuildFile; fileRef = D07FA5C717E45713000FE15E /* liveTradeCell.m */; };
		D07FA5CA17E457E5000FE15E /* main_bg@2x.png in Resources */ = {isa = PBXBuildFile; fileRef = D07FA5C917E457E5000FE15E /* main_bg@2x.png */; };
		D07FA5CC17E45AB6000FE15E /* livetrade_head@2x.png in Resources */ = {isa = PBXBuildFile; fileRef = D07FA5CB17E45AB6000FE15E /* livetrade_head@2x.png */; };
		D07FA5CE17E4737D000FE15E /* table_s@2x.png in Resources */ = {isa = PBXBuildFile; fileRef = D07FA5CD17E4737D000FE15E /* table_s@2x.png */; };
		D07FA5D017E47542000FE15E /* right@2x.png in Resources */ = {isa = PBXBuildFile; fileRef = D07FA5CF17E47542000FE15E /* right@2x.png */; };
		D07FA5D217E4A9F7000FE15E /* livetrade_right@2x.png in Resources */ = {isa = PBXBuildFile; fileRef = D07FA5D117E4A9F6000FE15E /* livetrade_right@2x.png */; };
		D07FA5D417E54A95000FE15E /* sell@2x.png in Resources */ = {isa = PBXBuildFile; fileRef = D07FA5D317E54A95000FE15E /* sell@2x.png */; };
		D07FA5D617E54D50000FE15E /* buy@2x.png in Resources */ = {isa = PBXBuildFile; fileRef = D07FA5D517E54D50000FE15E /* buy@2x.png */; };
		D07FA5D917E5610E000FE15E /* buy_@2x.png in Resources */ = {isa = PBXBuildFile; fileRef = D07FA5D717E5610E000FE15E /* buy_@2x.png */; };
		D07FA5DA17E5610E000FE15E /* sell_@2x.png in Resources */ = {isa = PBXBuildFile; fileRef = D07FA5D817E5610E000FE15E /* sell_@2x.png */; };
		D07FA5DC17E57CC4000FE15E /* livetrade_head_table@2x.png in Resources */ = {isa = PBXBuildFile; fileRef = D07FA5DB17E57CC4000FE15E /* livetrade_head_table@2x.png */; };
		D07FA61917E5A543000FE15E /* MagicalImportFunctions.m in Sources */ = {isa = PBXBuildFile; fileRef = D07FA5E117E5A543000FE15E /* MagicalImportFunctions.m */; };
		D07FA61A17E5A543000FE15E /* NSAttributeDescription+MagicalDataImport.m in Sources */ = {isa = PBXBuildFile; fileRef = D07FA5E317E5A543000FE15E /* NSAttributeDescription+MagicalDataImport.m */; };
		D07FA61B17E5A543000FE15E /* NSEntityDescription+MagicalDataImport.m in Sources */ = {isa = PBXBuildFile; fileRef = D07FA5E517E5A543000FE15E /* NSEntityDescription+MagicalDataImport.m */; };
		D07FA61C17E5A543000FE15E /* NSNumber+MagicalDataImport.m in Sources */ = {isa = PBXBuildFile; fileRef = D07FA5E717E5A543000FE15E /* NSNumber+MagicalDataImport.m */; };
		D07FA61D17E5A543000FE15E /* NSObject+MagicalDataImport.m in Sources */ = {isa = PBXBuildFile; fileRef = D07FA5E917E5A543000FE15E /* NSObject+MagicalDataImport.m */; };
		D07FA61E17E5A543000FE15E /* NSRelationshipDescription+MagicalDataImport.m in Sources */ = {isa = PBXBuildFile; fileRef = D07FA5EB17E5A543000FE15E /* NSRelationshipDescription+MagicalDataImport.m */; };
		D07FA61F17E5A543000FE15E /* NSString+MagicalDataImport.m in Sources */ = {isa = PBXBuildFile; fileRef = D07FA5ED17E5A543000FE15E /* NSString+MagicalDataImport.m */; };
		D07FA62017E5A543000FE15E /* NSManagedObject+MagicalAggregation.m in Sources */ = {isa = PBXBuildFile; fileRef = D07FA5F017E5A543000FE15E /* NSManagedObject+MagicalAggregation.m */; };
		D07FA62117E5A543000FE15E /* NSManagedObject+MagicalDataImport.m in Sources */ = {isa = PBXBuildFile; fileRef = D07FA5F217E5A543000FE15E /* NSManagedObject+MagicalDataImport.m */; };
		D07FA62217E5A543000FE15E /* NSManagedObject+MagicalFinders.m in Sources */ = {isa = PBXBuildFile; fileRef = D07FA5F417E5A543000FE15E /* NSManagedObject+MagicalFinders.m */; };
		D07FA62317E5A543000FE15E /* NSManagedObject+MagicalRecord.m in Sources */ = {isa = PBXBuildFile; fileRef = D07FA5F617E5A543000FE15E /* NSManagedObject+MagicalRecord.m */; };
		D07FA62417E5A543000FE15E /* NSManagedObject+MagicalRequests.m in Sources */ = {isa = PBXBuildFile; fileRef = D07FA5F817E5A543000FE15E /* NSManagedObject+MagicalRequests.m */; };
		D07FA62517E5A543000FE15E /* NSManagedObjectContext+MagicalObserving.m in Sources */ = {isa = PBXBuildFile; fileRef = D07FA5FB17E5A543000FE15E /* NSManagedObjectContext+MagicalObserving.m */; };
		D07FA62617E5A543000FE15E /* NSManagedObjectContext+MagicalRecord.m in Sources */ = {isa = PBXBuildFile; fileRef = D07FA5FD17E5A543000FE15E /* NSManagedObjectContext+MagicalRecord.m */; };
		D07FA62717E5A543000FE15E /* NSManagedObjectContext+MagicalSaves.m in Sources */ = {isa = PBXBuildFile; fileRef = D07FA5FF17E5A543000FE15E /* NSManagedObjectContext+MagicalSaves.m */; };
		D07FA62817E5A543000FE15E /* NSManagedObjectContext+MagicalThreading.m in Sources */ = {isa = PBXBuildFile; fileRef = D07FA60117E5A543000FE15E /* NSManagedObjectContext+MagicalThreading.m */; };
		D07FA62917E5A543000FE15E /* NSManagedObjectModel+MagicalRecord.m in Sources */ = {isa = PBXBuildFile; fileRef = D07FA60317E5A543000FE15E /* NSManagedObjectModel+MagicalRecord.m */; };
		D07FA62A17E5A543000FE15E /* NSPersistentStore+MagicalRecord.m in Sources */ = {isa = PBXBuildFile; fileRef = D07FA60517E5A543000FE15E /* NSPersistentStore+MagicalRecord.m */; };
		D07FA62B17E5A543000FE15E /* NSPersistentStoreCoordinator+MagicalRecord.m in Sources */ = {isa = PBXBuildFile; fileRef = D07FA60717E5A543000FE15E /* NSPersistentStoreCoordinator+MagicalRecord.m */; };
		D07FA62C17E5A543000FE15E /* MagicalRecord+Actions.m in Sources */ = {isa = PBXBuildFile; fileRef = D07FA60A17E5A543000FE15E /* MagicalRecord+Actions.m */; };
		D07FA62D17E5A543000FE15E /* MagicalRecord+ErrorHandling.m in Sources */ = {isa = PBXBuildFile; fileRef = D07FA60C17E5A543000FE15E /* MagicalRecord+ErrorHandling.m */; };
		D07FA62E17E5A543000FE15E /* MagicalRecord+iCloud.m in Sources */ = {isa = PBXBuildFile; fileRef = D07FA60E17E5A543000FE15E /* MagicalRecord+iCloud.m */; };
		D07FA62F17E5A543000FE15E /* MagicalRecord+Options.m in Sources */ = {isa = PBXBuildFile; fileRef = D07FA61017E5A543000FE15E /* MagicalRecord+Options.m */; };
		D07FA63017E5A543000FE15E /* MagicalRecord+Setup.m in Sources */ = {isa = PBXBuildFile; fileRef = D07FA61217E5A543000FE15E /* MagicalRecord+Setup.m */; };
		D07FA63117E5A543000FE15E /* MagicalRecord+ShorthandSupport.m in Sources */ = {isa = PBXBuildFile; fileRef = D07FA61417E5A543000FE15E /* MagicalRecord+ShorthandSupport.m */; };
		D07FA63217E5A543000FE15E /* MagicalRecord.m in Sources */ = {isa = PBXBuildFile; fileRef = D07FA61617E5A543000FE15E /* MagicalRecord.m */; };
		D07FA63417E5A55A000FE15E /* CoreData.framework in Frameworks */ = {isa = PBXBuildFile; fileRef = D07FA63317E5A559000FE15E /* CoreData.framework */; };
		D07FA63A17E5CB07000FE15E /* ASDepthModalViewController.m in Sources */ = {isa = PBXBuildFile; fileRef = D07FA63717E5CB07000FE15E /* ASDepthModalViewController.m */; };
		D07FA63B17E5CB07000FE15E /* UIImage+Blur.m in Sources */ = {isa = PBXBuildFile; fileRef = D07FA63917E5CB07000FE15E /* UIImage+Blur.m */; };
		D07FA63D17E5CB1A000FE15E /* Accelerate.framework in Frameworks */ = {isa = PBXBuildFile; fileRef = D07FA63C17E5CB1A000FE15E /* Accelerate.framework */; };
		D07FA63F17E5F69A000FE15E /* sq_header@2x.png in Resources */ = {isa = PBXBuildFile; fileRef = D07FA63E17E5F69A000FE15E /* sq_header@2x.png */; };
		D096F6AF17E889E700ADB9F9 /* netra.m in Sources */ = {isa = PBXBuildFile; fileRef = D096F6AE17E889E700ADB9F9 /* netra.m */; };
		D096F6B317E891A800ADB9F9 /* researchViewController.m in Sources */ = {isa = PBXBuildFile; fileRef = D096F6B217E891A800ADB9F9 /* researchViewController.m */; };
		D096F6B717E89B8C00ADB9F9 /* contactViewController.m in Sources */ = {isa = PBXBuildFile; fileRef = D096F6B617E89B8C00ADB9F9 /* contactViewController.m */; };
		D096F6BD17E8B7F800ADB9F9 /* portfolioViewController.m in Sources */ = {isa = PBXBuildFile; fileRef = D096F6BC17E8B7F800ADB9F9 /* portfolioViewController.m */; };
		D096F6C017E8B80400ADB9F9 /* orderListViewController.m in Sources */ = {isa = PBXBuildFile; fileRef = D096F6BF17E8B80400ADB9F9 /* orderListViewController.m */; };
		D096F6C317E8BA8C00ADB9F9 /* sqCell.m in Sources */ = {isa = PBXBuildFile; fileRef = D096F6C217E8BA8C00ADB9F9 /* sqCell.m */; };
		D09EA39E17E75FDB00DD22CB /* LoginViewController.m in Sources */ = {isa = PBXBuildFile; fileRef = D09EA39D17E75FDB00DD22CB /* LoginViewController.m */; };
		D0AA8A4517EB280200FB2497 /* login@2x.png in Resources */ = {isa = PBXBuildFile; fileRef = D0AA8A4417EB280200FB2497 /* login@2x.png */; };
		D0AA8A4717EB2B0800FB2497 /* tf@2x.png in Resources */ = {isa = PBXBuildFile; fileRef = D0AA8A4617EB2B0800FB2497 /* tf@2x.png */; };
		D0AA8A4917EB2C8700FB2497 /* sign_in@2x.png in Resources */ = {isa = PBXBuildFile; fileRef = D0AA8A4817EB2C8700FB2497 /* sign_in@2x.png */; };
		D0AA8A4B17EB2FFB00FB2497 /* sign_in_p@2x.png in Resources */ = {isa = PBXBuildFile; fileRef = D0AA8A4A17EB2FFB00FB2497 /* sign_in_p@2x.png */; };
		D0C1E1F117E34815003333A5 /* UIKit.framework in Frameworks */ = {isa = PBXBuildFile; fileRef = D0C1E1F017E34815003333A5 /* UIKit.framework */; };
		D0C1E1F317E34815003333A5 /* Foundation.framework in Frameworks */ = {isa = PBXBuildFile; fileRef = D0C1E1F217E34815003333A5 /* Foundation.framework */; };
		D0C1E1F517E34815003333A5 /* CoreGraphics.framework in Frameworks */ = {isa = PBXBuildFile; fileRef = D0C1E1F417E34815003333A5 /* CoreGraphics.framework */; };
		D0C1E1FB17E34815003333A5 /* InfoPlist.strings in Resources */ = {isa = PBXBuildFile; fileRef = D0C1E1F917E34815003333A5 /* InfoPlist.strings */; };
		D0C1E1FD17E34815003333A5 /* main.m in Sources */ = {isa = PBXBuildFile; fileRef = D0C1E1FC17E34815003333A5 /* main.m */; };
		D0C1E20117E34815003333A5 /* POST_AppDelegate.m in Sources */ = {isa = PBXBuildFile; fileRef = D0C1E20017E34815003333A5 /* POST_AppDelegate.m */; };
		D0C1E20317E34815003333A5 /* Default.png in Resources */ = {isa = PBXBuildFile; fileRef = D0C1E20217E34815003333A5 /* Default.png */; };
		D0C1E20517E34815003333A5 /* Default@2x.png in Resources */ = {isa = PBXBuildFile; fileRef = D0C1E20417E34815003333A5 /* Default@2x.png */; };
		D0C1E20717E34815003333A5 /* Default-568h@2x.png in Resources */ = {isa = PBXBuildFile; fileRef = D0C1E20617E34815003333A5 /* Default-568h@2x.png */; };
		D0C1E21717E34C4B003333A5 /* post_leftViewController.m in Sources */ = {isa = PBXBuildFile; fileRef = D0C1E21617E34C4B003333A5 /* post_leftViewController.m */; };
		D0C1E22217E34C5D003333A5 /* MMDrawerBarButtonItem.m in Sources */ = {isa = PBXBuildFile; fileRef = D0C1E21A17E34C5D003333A5 /* MMDrawerBarButtonItem.m */; };
		D0C1E22317E34C5D003333A5 /* MMDrawerController.m in Sources */ = {isa = PBXBuildFile; fileRef = D0C1E21D17E34C5D003333A5 /* MMDrawerController.m */; };
		D0C1E22417E34C5D003333A5 /* MMDrawerVisualState.m in Sources */ = {isa = PBXBuildFile; fileRef = D0C1E21F17E34C5D003333A5 /* MMDrawerVisualState.m */; };
		D0C1E22517E34C5D003333A5 /* UIViewController+MMDrawerController.m in Sources */ = {isa = PBXBuildFile; fileRef = D0C1E22117E34C5D003333A5 /* UIViewController+MMDrawerController.m */; };
		D0C1E22717E34CA0003333A5 /* QuartzCore.framework in Frameworks */ = {isa = PBXBuildFile; fileRef = D0C1E22617E34CA0003333A5 /* QuartzCore.framework */; };
		D0C1E23C17E34CBE003333A5 /* AFHTTPClient.m in Sources */ = {isa = PBXBuildFile; fileRef = D0C1E22A17E34CBE003333A5 /* AFHTTPClient.m */; settings = {COMPILER_FLAGS = "-fobjc-arc"; }; };
		D0C1E23D17E34CBE003333A5 /* AFHTTPRequestOperation.m in Sources */ = {isa = PBXBuildFile; fileRef = D0C1E22C17E34CBE003333A5 /* AFHTTPRequestOperation.m */; settings = {COMPILER_FLAGS = "-fobjc-arc"; }; };
		D0C1E23E17E34CBE003333A5 /* AFImageRequestOperation.m in Sources */ = {isa = PBXBuildFile; fileRef = D0C1E22E17E34CBE003333A5 /* AFImageRequestOperation.m */; settings = {COMPILER_FLAGS = "-fobjc-arc"; }; };
		D0C1E23F17E34CBE003333A5 /* AFJSONRequestOperation.m in Sources */ = {isa = PBXBuildFile; fileRef = D0C1E23017E34CBE003333A5 /* AFJSONRequestOperation.m */; settings = {COMPILER_FLAGS = "-fobjc-arc"; }; };
		D0C1E24017E34CBE003333A5 /* AFNetworkActivityIndicatorManager.m in Sources */ = {isa = PBXBuildFile; fileRef = D0C1E23217E34CBE003333A5 /* AFNetworkActivityIndicatorManager.m */; settings = {COMPILER_FLAGS = "-fobjc-arc"; }; };
		D0C1E24117E34CBE003333A5 /* AFPropertyListRequestOperation.m in Sources */ = {isa = PBXBuildFile; fileRef = D0C1E23517E34CBE003333A5 /* AFPropertyListRequestOperation.m */; settings = {COMPILER_FLAGS = "-fobjc-arc"; }; };
		D0C1E24217E34CBE003333A5 /* AFURLConnectionOperation.m in Sources */ = {isa = PBXBuildFile; fileRef = D0C1E23717E34CBE003333A5 /* AFURLConnectionOperation.m */; settings = {COMPILER_FLAGS = "-fobjc-arc"; }; };
		D0C1E24317E34CBE003333A5 /* AFXMLRequestOperation.m in Sources */ = {isa = PBXBuildFile; fileRef = D0C1E23917E34CBE003333A5 /* AFXMLRequestOperation.m */; settings = {COMPILER_FLAGS = "-fobjc-arc"; }; };
		D0C1E24417E34CBE003333A5 /* UIImageView+AFNetworking.m in Sources */ = {isa = PBXBuildFile; fileRef = D0C1E23B17E34CBE003333A5 /* UIImageView+AFNetworking.m */; settings = {COMPILER_FLAGS = "-fobjc-arc"; }; };
		D0C1E25517E34EAE003333A5 /* Security.framework in Frameworks */ = {isa = PBXBuildFile; fileRef = D0C1E24517E34D45003333A5 /* Security.framework */; };
		D0C1E25817E34EC7003333A5 /* liveTradeViewController.m in Sources */ = {isa = PBXBuildFile; fileRef = D0C1E25717E34EC7003333A5 /* liveTradeViewController.m */; };
		D0C1E25B17E34ED8003333A5 /* st_watchViewController.m in Sources */ = {isa = PBXBuildFile; fileRef = D0C1E25A17E34ED8003333A5 /* st_watchViewController.m */; };
		D0C1E25E17E34EE7003333A5 /* st_quoteViewController.m in Sources */ = {isa = PBXBuildFile; fileRef = D0C1E25D17E34EE7003333A5 /* st_quoteViewController.m */; };
		D0C1E26117E34EF1003333A5 /* indexViewController.m in Sources */ = {isa = PBXBuildFile; fileRef = D0C1E26017E34EF1003333A5 /* indexViewController.m */; };
		D0C1E26417E34EFC003333A5 /* completeBookViewController.m in Sources */ = {isa = PBXBuildFile; fileRef = D0C1E26317E34EFC003333A5 /* completeBookViewController.m */; };
		D0C1E26717E34F09003333A5 /* chartViewController.m in Sources */ = {isa = PBXBuildFile; fileRef = D0C1E26617E34F09003333A5 /* chartViewController.m */; };
		D0C1E26A17E34F16003333A5 /* brokerRankViewController.m in Sources */ = {isa = PBXBuildFile; fileRef = D0C1E26917E34F16003333A5 /* brokerRankViewController.m */; };
		D0C1E27017E34F51003333A5 /* accountSettingViewController.m in Sources */ = {isa = PBXBuildFile; fileRef = D0C1E26F17E34F51003333A5 /* accountSettingViewController.m */; };
		D0C1E27317E34F61003333A5 /* companiesViewController.m in Sources */ = {isa = PBXBuildFile; fileRef = D0C1E27217E34F61003333A5 /* companiesViewController.m */; };
		D0C1E27817E364D8003333A5 /* nav_header@2x.png in Resources */ = {isa = PBXBuildFile; fileRef = D0C1E27717E364D8003333A5 /* nav_header@2x.png */; };
		D0C1E27B17E36824003333A5 /* leftCell.m in Sources */ = {isa = PBXBuildFile; fileRef = D0C1E27A17E36824003333A5 /* leftCell.m */; };
		D0C1E28217E3727B003333A5 /* OpenSans-Bold.ttf in Resources */ = {isa = PBXBuildFile; fileRef = D0C1E27D17E3727B003333A5 /* OpenSans-Bold.ttf */; };
		D0C1E28317E3727B003333A5 /* OpenSans-ExtraBold.ttf in Resources */ = {isa = PBXBuildFile; fileRef = D0C1E27E17E3727B003333A5 /* OpenSans-ExtraBold.ttf */; };
		D0C1E28417E3727B003333A5 /* OpenSans-Light.ttf in Resources */ = {isa = PBXBuildFile; fileRef = D0C1E27F17E3727B003333A5 /* OpenSans-Light.ttf */; };
		D0C1E28517E3727B003333A5 /* OpenSans-Regular.ttf in Resources */ = {isa = PBXBuildFile; fileRef = D0C1E28017E3727B003333A5 /* OpenSans-Regular.ttf */; };
		D0C1E28617E3727B003333A5 /* OpenSans-Semibold.ttf in Resources */ = {isa = PBXBuildFile; fileRef = D0C1E28117E3727B003333A5 /* OpenSans-Semibold.ttf */; };
		D0FAF5AE17EC016F001F813D /* Panin.xcdatamodeld in Sources */ = {isa = PBXBuildFile; fileRef = D0FAF5AC17EC016F001F813D /* Panin.xcdatamodeld */; };
		D0FAF5B417EC01DA001F813D /* StockWatch.m in Sources */ = {isa = PBXBuildFile; fileRef = D0FAF5B317EC01DA001F813D /* StockWatch.m */; };
		D0FAF5B717EC01DB001F813D /* StockInit.m in Sources */ = {isa = PBXBuildFile; fileRef = D0FAF5B617EC01DA001F813D /* StockInit.m */; };
		D0FAF5BA17EC01DB001F813D /* Configuration.m in Sources */ = {isa = PBXBuildFile; fileRef = D0FAF5B917EC01DB001F813D /* Configuration.m */; };
		D0FAF5BD17EC01DB001F813D /* Server.m in Sources */ = {isa = PBXBuildFile; fileRef = D0FAF5BC17EC01DB001F813D /* Server.m */; };
/* End PBXBuildFile section */

/* Begin PBXFileReference section */
		D018E18117EFEAA400A132E8 /* logo@2x.png */ = {isa = PBXFileReference; lastKnownFileType = image.png; path = "logo@2x.png"; sourceTree = "<group>"; };
		D02A4DA717EA880000BB7CCD /* comapanyCell.h */ = {isa = PBXFileReference; fileEncoding = 4; lastKnownFileType = sourcecode.c.h; path = comapanyCell.h; sourceTree = "<group>"; };
		D02A4DA817EA880000BB7CCD /* comapanyCell.m */ = {isa = PBXFileReference; fileEncoding = 4; lastKnownFileType = sourcecode.c.objc; path = comapanyCell.m; sourceTree = "<group>"; };
		D02A4DAA17EA892000BB7CCD /* cp_header@2x.png */ = {isa = PBXFileReference; lastKnownFileType = image.png; path = "cp_header@2x.png"; sourceTree = "<group>"; };
		D040F3F217E8DEE30017A174 /* stockInit.h */ = {isa = PBXFileReference; fileEncoding = 4; lastKnownFileType = sourcecode.c.h; path = stockInit.h; sourceTree = "<group>"; };
		D040F3F317E8DEE30017A174 /* stockInit.m */ = {isa = PBXFileReference; fileEncoding = 4; lastKnownFileType = sourcecode.c.objc; path = stockInit.m; sourceTree = "<group>"; };
		D040F3F517E8DF6C0017A174 /* brokerCell.h */ = {isa = PBXFileReference; fileEncoding = 4; lastKnownFileType = sourcecode.c.h; path = brokerCell.h; sourceTree = "<group>"; };
		D040F3F617E8DF6C0017A174 /* brokerCell.m */ = {isa = PBXFileReference; fileEncoding = 4; lastKnownFileType = sourcecode.c.objc; path = brokerCell.m; sourceTree = "<group>"; };
		D040F3F817E8E1500017A174 /* bq_header@2x.png */ = {isa = PBXFileReference; lastKnownFileType = image.png; path = "bq_header@2x.png"; sourceTree = "<group>"; };
		D040F3FA17E982960017A174 /* details@2x.png */ = {isa = PBXFileReference; lastKnownFileType = image.png; path = "details@2x.png"; sourceTree = "<group>"; };
		D041468D17EE0E5500DE2E31 /* PaninStreamer.h */ = {isa = PBXFileReference; fileEncoding = 4; lastKnownFileType = sourcecode.c.h; path = PaninStreamer.h; sourceTree = "<group>"; };
		D041468E17EE0E5500DE2E31 /* PaninStreamer.m */ = {isa = PBXFileReference; fileEncoding = 4; lastKnownFileType = sourcecode.c.objc; path = PaninStreamer.m; sourceTree = "<group>"; };
		D041469117EEA40C00DE2E31 /* Company_fetcher.h */ = {isa = PBXFileReference; fileEncoding = 4; lastKnownFileType = sourcecode.c.h; path = Company_fetcher.h; sourceTree = "<group>"; };
		D041469217EEA40C00DE2E31 /* Company_fetcher.m */ = {isa = PBXFileReference; fileEncoding = 4; lastKnownFileType = sourcecode.c.objc; path = Company_fetcher.m; sourceTree = "<group>"; };
		D041469B17EECD0500DE2E31 /* login.h */ = {isa = PBXFileReference; fileEncoding = 4; lastKnownFileType = sourcecode.c.h; path = login.h; sourceTree = "<group>"; };
		D041469C17EECD0500DE2E31 /* login.m */ = {isa = PBXFileReference; fileEncoding = 4; lastKnownFileType = sourcecode.c.objc; path = login.m; sourceTree = "<group>"; };
		D041469F17EECD2400DE2E31 /* broker.h */ = {isa = PBXFileReference; fileEncoding = 4; lastKnownFileType = sourcecode.c.h; path = broker.h; sourceTree = "<group>"; };
		D04146A017EECD2400DE2E31 /* broker.m */ = {isa = PBXFileReference; fileEncoding = 4; lastKnownFileType = sourcecode.c.objc; path = broker.m; sourceTree = "<group>"; };
		D07FA5C317E3F488000FE15E /* navbar@2x.png */ = {isa = PBXFileReference; lastKnownFileType = image.png; path = "navbar@2x.png"; sourceTree = "<group>"; };
		D07FA5C617E45713000FE15E /* liveTradeCell.h */ = {isa = PBXFileReference; fileEncoding = 4; lastKnownFileType = sourcecode.c.h; path = liveTradeCell.h; sourceTree = "<group>"; };
		D07FA5C717E45713000FE15E /* liveTradeCell.m */ = {isa = PBXFileReference; fileEncoding = 4; lastKnownFileType = sourcecode.c.objc; path = liveTradeCell.m; sourceTree = "<group>"; };
		D07FA5C917E457E5000FE15E /* main_bg@2x.png */ = {isa = PBXFileReference; lastKnownFileType = image.png; path = "main_bg@2x.png"; sourceTree = "<group>"; };
		D07FA5CB17E45AB6000FE15E /* livetrade_head@2x.png */ = {isa = PBXFileReference; lastKnownFileType = image.png; path = "livetrade_head@2x.png"; sourceTree = "<group>"; };
		D07FA5CD17E4737D000FE15E /* table_s@2x.png */ = {isa = PBXFileReference; lastKnownFileType = image.png; path = "table_s@2x.png"; sourceTree = "<group>"; };
		D07FA5CF17E47542000FE15E /* right@2x.png */ = {isa = PBXFileReference; lastKnownFileType = image.png; path = "right@2x.png"; sourceTree = "<group>"; };
		D07FA5D117E4A9F6000FE15E /* livetrade_right@2x.png */ = {isa = PBXFileReference; lastKnownFileType = image.png; path = "livetrade_right@2x.png"; sourceTree = "<group>"; };
		D07FA5D317E54A95000FE15E /* sell@2x.png */ = {isa = PBXFileReference; lastKnownFileType = image.png; path = "sell@2x.png"; sourceTree = "<group>"; };
		D07FA5D517E54D50000FE15E /* buy@2x.png */ = {isa = PBXFileReference; lastKnownFileType = image.png; path = "buy@2x.png"; sourceTree = "<group>"; };
		D07FA5D717E5610E000FE15E /* buy_@2x.png */ = {isa = PBXFileReference; lastKnownFileType = image.png; path = "buy_@2x.png"; sourceTree = "<group>"; };
		D07FA5D817E5610E000FE15E /* sell_@2x.png */ = {isa = PBXFileReference; lastKnownFileType = image.png; path = "sell_@2x.png"; sourceTree = "<group>"; };
		D07FA5DB17E57CC4000FE15E /* livetrade_head_table@2x.png */ = {isa = PBXFileReference; lastKnownFileType = image.png; path = "livetrade_head_table@2x.png"; sourceTree = "<group>"; };
		D07FA5E017E5A543000FE15E /* MagicalImportFunctions.h */ = {isa = PBXFileReference; fileEncoding = 4; lastKnownFileType = sourcecode.c.h; path = MagicalImportFunctions.h; sourceTree = "<group>"; };
		D07FA5E117E5A543000FE15E /* MagicalImportFunctions.m */ = {isa = PBXFileReference; fileEncoding = 4; lastKnownFileType = sourcecode.c.objc; path = MagicalImportFunctions.m; sourceTree = "<group>"; };
		D07FA5E217E5A543000FE15E /* NSAttributeDescription+MagicalDataImport.h */ = {isa = PBXFileReference; fileEncoding = 4; lastKnownFileType = sourcecode.c.h; path = "NSAttributeDescription+MagicalDataImport.h"; sourceTree = "<group>"; };
		D07FA5E317E5A543000FE15E /* NSAttributeDescription+MagicalDataImport.m */ = {isa = PBXFileReference; fileEncoding = 4; lastKnownFileType = sourcecode.c.objc; path = "NSAttributeDescription+MagicalDataImport.m"; sourceTree = "<group>"; };
		D07FA5E417E5A543000FE15E /* NSEntityDescription+MagicalDataImport.h */ = {isa = PBXFileReference; fileEncoding = 4; lastKnownFileType = sourcecode.c.h; path = "NSEntityDescription+MagicalDataImport.h"; sourceTree = "<group>"; };
		D07FA5E517E5A543000FE15E /* NSEntityDescription+MagicalDataImport.m */ = {isa = PBXFileReference; fileEncoding = 4; lastKnownFileType = sourcecode.c.objc; path = "NSEntityDescription+MagicalDataImport.m"; sourceTree = "<group>"; };
		D07FA5E617E5A543000FE15E /* NSNumber+MagicalDataImport.h */ = {isa = PBXFileReference; fileEncoding = 4; lastKnownFileType = sourcecode.c.h; path = "NSNumber+MagicalDataImport.h"; sourceTree = "<group>"; };
		D07FA5E717E5A543000FE15E /* NSNumber+MagicalDataImport.m */ = {isa = PBXFileReference; fileEncoding = 4; lastKnownFileType = sourcecode.c.objc; path = "NSNumber+MagicalDataImport.m"; sourceTree = "<group>"; };
		D07FA5E817E5A543000FE15E /* NSObject+MagicalDataImport.h */ = {isa = PBXFileReference; fileEncoding = 4; lastKnownFileType = sourcecode.c.h; path = "NSObject+MagicalDataImport.h"; sourceTree = "<group>"; };
		D07FA5E917E5A543000FE15E /* NSObject+MagicalDataImport.m */ = {isa = PBXFileReference; fileEncoding = 4; lastKnownFileType = sourcecode.c.objc; path = "NSObject+MagicalDataImport.m"; sourceTree = "<group>"; };
		D07FA5EA17E5A543000FE15E /* NSRelationshipDescription+MagicalDataImport.h */ = {isa = PBXFileReference; fileEncoding = 4; lastKnownFileType = sourcecode.c.h; path = "NSRelationshipDescription+MagicalDataImport.h"; sourceTree = "<group>"; };
		D07FA5EB17E5A543000FE15E /* NSRelationshipDescription+MagicalDataImport.m */ = {isa = PBXFileReference; fileEncoding = 4; lastKnownFileType = sourcecode.c.objc; path = "NSRelationshipDescription+MagicalDataImport.m"; sourceTree = "<group>"; };
		D07FA5EC17E5A543000FE15E /* NSString+MagicalDataImport.h */ = {isa = PBXFileReference; fileEncoding = 4; lastKnownFileType = sourcecode.c.h; path = "NSString+MagicalDataImport.h"; sourceTree = "<group>"; };
		D07FA5ED17E5A543000FE15E /* NSString+MagicalDataImport.m */ = {isa = PBXFileReference; fileEncoding = 4; lastKnownFileType = sourcecode.c.objc; path = "NSString+MagicalDataImport.m"; sourceTree = "<group>"; };
		D07FA5EF17E5A543000FE15E /* NSManagedObject+MagicalAggregation.h */ = {isa = PBXFileReference; fileEncoding = 4; lastKnownFileType = sourcecode.c.h; path = "NSManagedObject+MagicalAggregation.h"; sourceTree = "<group>"; };
		D07FA5F017E5A543000FE15E /* NSManagedObject+MagicalAggregation.m */ = {isa = PBXFileReference; fileEncoding = 4; lastKnownFileType = sourcecode.c.objc; path = "NSManagedObject+MagicalAggregation.m"; sourceTree = "<group>"; };
		D07FA5F117E5A543000FE15E /* NSManagedObject+MagicalDataImport.h */ = {isa = PBXFileReference; fileEncoding = 4; lastKnownFileType = sourcecode.c.h; path = "NSManagedObject+MagicalDataImport.h"; sourceTree = "<group>"; };
		D07FA5F217E5A543000FE15E /* NSManagedObject+MagicalDataImport.m */ = {isa = PBXFileReference; fileEncoding = 4; lastKnownFileType = sourcecode.c.objc; path = "NSManagedObject+MagicalDataImport.m"; sourceTree = "<group>"; };
		D07FA5F317E5A543000FE15E /* NSManagedObject+MagicalFinders.h */ = {isa = PBXFileReference; fileEncoding = 4; lastKnownFileType = sourcecode.c.h; path = "NSManagedObject+MagicalFinders.h"; sourceTree = "<group>"; };
		D07FA5F417E5A543000FE15E /* NSManagedObject+MagicalFinders.m */ = {isa = PBXFileReference; fileEncoding = 4; lastKnownFileType = sourcecode.c.objc; path = "NSManagedObject+MagicalFinders.m"; sourceTree = "<group>"; };
		D07FA5F517E5A543000FE15E /* NSManagedObject+MagicalRecord.h */ = {isa = PBXFileReference; fileEncoding = 4; lastKnownFileType = sourcecode.c.h; path = "NSManagedObject+MagicalRecord.h"; sourceTree = "<group>"; };
		D07FA5F617E5A543000FE15E /* NSManagedObject+MagicalRecord.m */ = {isa = PBXFileReference; fileEncoding = 4; lastKnownFileType = sourcecode.c.objc; path = "NSManagedObject+MagicalRecord.m"; sourceTree = "<group>"; };
		D07FA5F717E5A543000FE15E /* NSManagedObject+MagicalRequests.h */ = {isa = PBXFileReference; fileEncoding = 4; lastKnownFileType = sourcecode.c.h; path = "NSManagedObject+MagicalRequests.h"; sourceTree = "<group>"; };
		D07FA5F817E5A543000FE15E /* NSManagedObject+MagicalRequests.m */ = {isa = PBXFileReference; fileEncoding = 4; lastKnownFileType = sourcecode.c.objc; path = "NSManagedObject+MagicalRequests.m"; sourceTree = "<group>"; };
		D07FA5FA17E5A543000FE15E /* NSManagedObjectContext+MagicalObserving.h */ = {isa = PBXFileReference; fileEncoding = 4; lastKnownFileType = sourcecode.c.h; path = "NSManagedObjectContext+MagicalObserving.h"; sourceTree = "<group>"; };
		D07FA5FB17E5A543000FE15E /* NSManagedObjectContext+MagicalObserving.m */ = {isa = PBXFileReference; fileEncoding = 4; lastKnownFileType = sourcecode.c.objc; path = "NSManagedObjectContext+MagicalObserving.m"; sourceTree = "<group>"; };
		D07FA5FC17E5A543000FE15E /* NSManagedObjectContext+MagicalRecord.h */ = {isa = PBXFileReference; fileEncoding = 4; lastKnownFileType = sourcecode.c.h; path = "NSManagedObjectContext+MagicalRecord.h"; sourceTree = "<group>"; };
		D07FA5FD17E5A543000FE15E /* NSManagedObjectContext+MagicalRecord.m */ = {isa = PBXFileReference; fileEncoding = 4; lastKnownFileType = sourcecode.c.objc; path = "NSManagedObjectContext+MagicalRecord.m"; sourceTree = "<group>"; };
		D07FA5FE17E5A543000FE15E /* NSManagedObjectContext+MagicalSaves.h */ = {isa = PBXFileReference; fileEncoding = 4; lastKnownFileType = sourcecode.c.h; path = "NSManagedObjectContext+MagicalSaves.h"; sourceTree = "<group>"; };
		D07FA5FF17E5A543000FE15E /* NSManagedObjectContext+MagicalSaves.m */ = {isa = PBXFileReference; fileEncoding = 4; lastKnownFileType = sourcecode.c.objc; path = "NSManagedObjectContext+MagicalSaves.m"; sourceTree = "<group>"; };
		D07FA60017E5A543000FE15E /* NSManagedObjectContext+MagicalThreading.h */ = {isa = PBXFileReference; fileEncoding = 4; lastKnownFileType = sourcecode.c.h; path = "NSManagedObjectContext+MagicalThreading.h"; sourceTree = "<group>"; };
		D07FA60117E5A543000FE15E /* NSManagedObjectContext+MagicalThreading.m */ = {isa = PBXFileReference; fileEncoding = 4; lastKnownFileType = sourcecode.c.objc; path = "NSManagedObjectContext+MagicalThreading.m"; sourceTree = "<group>"; };
		D07FA60217E5A543000FE15E /* NSManagedObjectModel+MagicalRecord.h */ = {isa = PBXFileReference; fileEncoding = 4; lastKnownFileType = sourcecode.c.h; path = "NSManagedObjectModel+MagicalRecord.h"; sourceTree = "<group>"; };
		D07FA60317E5A543000FE15E /* NSManagedObjectModel+MagicalRecord.m */ = {isa = PBXFileReference; fileEncoding = 4; lastKnownFileType = sourcecode.c.objc; path = "NSManagedObjectModel+MagicalRecord.m"; sourceTree = "<group>"; };
		D07FA60417E5A543000FE15E /* NSPersistentStore+MagicalRecord.h */ = {isa = PBXFileReference; fileEncoding = 4; lastKnownFileType = sourcecode.c.h; path = "NSPersistentStore+MagicalRecord.h"; sourceTree = "<group>"; };
		D07FA60517E5A543000FE15E /* NSPersistentStore+MagicalRecord.m */ = {isa = PBXFileReference; fileEncoding = 4; lastKnownFileType = sourcecode.c.objc; path = "NSPersistentStore+MagicalRecord.m"; sourceTree = "<group>"; };
		D07FA60617E5A543000FE15E /* NSPersistentStoreCoordinator+MagicalRecord.h */ = {isa = PBXFileReference; fileEncoding = 4; lastKnownFileType = sourcecode.c.h; path = "NSPersistentStoreCoordinator+MagicalRecord.h"; sourceTree = "<group>"; };
		D07FA60717E5A543000FE15E /* NSPersistentStoreCoordinator+MagicalRecord.m */ = {isa = PBXFileReference; fileEncoding = 4; lastKnownFileType = sourcecode.c.objc; path = "NSPersistentStoreCoordinator+MagicalRecord.m"; sourceTree = "<group>"; };
		D07FA60917E5A543000FE15E /* MagicalRecord+Actions.h */ = {isa = PBXFileReference; fileEncoding = 4; lastKnownFileType = sourcecode.c.h; path = "MagicalRecord+Actions.h"; sourceTree = "<group>"; };
		D07FA60A17E5A543000FE15E /* MagicalRecord+Actions.m */ = {isa = PBXFileReference; fileEncoding = 4; lastKnownFileType = sourcecode.c.objc; path = "MagicalRecord+Actions.m"; sourceTree = "<group>"; };
		D07FA60B17E5A543000FE15E /* MagicalRecord+ErrorHandling.h */ = {isa = PBXFileReference; fileEncoding = 4; lastKnownFileType = sourcecode.c.h; path = "MagicalRecord+ErrorHandling.h"; sourceTree = "<group>"; };
		D07FA60C17E5A543000FE15E /* MagicalRecord+ErrorHandling.m */ = {isa = PBXFileReference; fileEncoding = 4; lastKnownFileType = sourcecode.c.objc; path = "MagicalRecord+ErrorHandling.m"; sourceTree = "<group>"; };
		D07FA60D17E5A543000FE15E /* MagicalRecord+iCloud.h */ = {isa = PBXFileReference; fileEncoding = 4; lastKnownFileType = sourcecode.c.h; path = "MagicalRecord+iCloud.h"; sourceTree = "<group>"; };
		D07FA60E17E5A543000FE15E /* MagicalRecord+iCloud.m */ = {isa = PBXFileReference; fileEncoding = 4; lastKnownFileType = sourcecode.c.objc; path = "MagicalRecord+iCloud.m"; sourceTree = "<group>"; };
		D07FA60F17E5A543000FE15E /* MagicalRecord+Options.h */ = {isa = PBXFileReference; fileEncoding = 4; lastKnownFileType = sourcecode.c.h; path = "MagicalRecord+Options.h"; sourceTree = "<group>"; };
		D07FA61017E5A543000FE15E /* MagicalRecord+Options.m */ = {isa = PBXFileReference; fileEncoding = 4; lastKnownFileType = sourcecode.c.objc; path = "MagicalRecord+Options.m"; sourceTree = "<group>"; };
		D07FA61117E5A543000FE15E /* MagicalRecord+Setup.h */ = {isa = PBXFileReference; fileEncoding = 4; lastKnownFileType = sourcecode.c.h; path = "MagicalRecord+Setup.h"; sourceTree = "<group>"; };
		D07FA61217E5A543000FE15E /* MagicalRecord+Setup.m */ = {isa = PBXFileReference; fileEncoding = 4; lastKnownFileType = sourcecode.c.objc; path = "MagicalRecord+Setup.m"; sourceTree = "<group>"; };
		D07FA61317E5A543000FE15E /* MagicalRecord+ShorthandSupport.h */ = {isa = PBXFileReference; fileEncoding = 4; lastKnownFileType = sourcecode.c.h; path = "MagicalRecord+ShorthandSupport.h"; sourceTree = "<group>"; };
		D07FA61417E5A543000FE15E /* MagicalRecord+ShorthandSupport.m */ = {isa = PBXFileReference; fileEncoding = 4; lastKnownFileType = sourcecode.c.objc; path = "MagicalRecord+ShorthandSupport.m"; sourceTree = "<group>"; };
		D07FA61517E5A543000FE15E /* MagicalRecord.h */ = {isa = PBXFileReference; fileEncoding = 4; lastKnownFileType = sourcecode.c.h; path = MagicalRecord.h; sourceTree = "<group>"; };
		D07FA61617E5A543000FE15E /* MagicalRecord.m */ = {isa = PBXFileReference; fileEncoding = 4; lastKnownFileType = sourcecode.c.objc; path = MagicalRecord.m; sourceTree = "<group>"; };
		D07FA61717E5A543000FE15E /* MagicalRecordShorthand.h */ = {isa = PBXFileReference; fileEncoding = 4; lastKnownFileType = sourcecode.c.h; path = MagicalRecordShorthand.h; sourceTree = "<group>"; };
		D07FA61817E5A543000FE15E /* CoreData+MagicalRecord.h */ = {isa = PBXFileReference; fileEncoding = 4; lastKnownFileType = sourcecode.c.h; path = "CoreData+MagicalRecord.h"; sourceTree = "<group>"; };
		D07FA63317E5A559000FE15E /* CoreData.framework */ = {isa = PBXFileReference; lastKnownFileType = wrapper.framework; name = CoreData.framework; path = System/Library/Frameworks/CoreData.framework; sourceTree = SDKROOT; };
		D07FA63617E5CB07000FE15E /* ASDepthModalViewController.h */ = {isa = PBXFileReference; fileEncoding = 4; lastKnownFileType = sourcecode.c.h; path = ASDepthModalViewController.h; sourceTree = "<group>"; };
		D07FA63717E5CB07000FE15E /* ASDepthModalViewController.m */ = {isa = PBXFileReference; fileEncoding = 4; lastKnownFileType = sourcecode.c.objc; path = ASDepthModalViewController.m; sourceTree = "<group>"; };
		D07FA63817E5CB07000FE15E /* UIImage+Blur.h */ = {isa = PBXFileReference; fileEncoding = 4; lastKnownFileType = sourcecode.c.h; path = "UIImage+Blur.h"; sourceTree = "<group>"; };
		D07FA63917E5CB07000FE15E /* UIImage+Blur.m */ = {isa = PBXFileReference; fileEncoding = 4; lastKnownFileType = sourcecode.c.objc; path = "UIImage+Blur.m"; sourceTree = "<group>"; };
		D07FA63C17E5CB1A000FE15E /* Accelerate.framework */ = {isa = PBXFileReference; lastKnownFileType = wrapper.framework; name = Accelerate.framework; path = System/Library/Frameworks/Accelerate.framework; sourceTree = SDKROOT; };
		D07FA63E17E5F69A000FE15E /* sq_header@2x.png */ = {isa = PBXFileReference; lastKnownFileType = image.png; path = "sq_header@2x.png"; sourceTree = "<group>"; };
		D096F6AD17E889E700ADB9F9 /* netra.h */ = {isa = PBXFileReference; fileEncoding = 4; lastKnownFileType = sourcecode.c.h; path = netra.h; sourceTree = "<group>"; };
		D096F6AE17E889E700ADB9F9 /* netra.m */ = {isa = PBXFileReference; fileEncoding = 4; lastKnownFileType = sourcecode.c.objc; path = netra.m; sourceTree = "<group>"; };
		D096F6B117E891A800ADB9F9 /* researchViewController.h */ = {isa = PBXFileReference; fileEncoding = 4; lastKnownFileType = sourcecode.c.h; path = researchViewController.h; sourceTree = "<group>"; };
		D096F6B217E891A800ADB9F9 /* researchViewController.m */ = {isa = PBXFileReference; fileEncoding = 4; lastKnownFileType = sourcecode.c.objc; path = researchViewController.m; sourceTree = "<group>"; };
		D096F6B517E89B8C00ADB9F9 /* contactViewController.h */ = {isa = PBXFileReference; fileEncoding = 4; lastKnownFileType = sourcecode.c.h; path = contactViewController.h; sourceTree = "<group>"; };
		D096F6B617E89B8C00ADB9F9 /* contactViewController.m */ = {isa = PBXFileReference; fileEncoding = 4; lastKnownFileType = sourcecode.c.objc; path = contactViewController.m; sourceTree = "<group>"; };
		D096F6BB17E8B7F800ADB9F9 /* portfolioViewController.h */ = {isa = PBXFileReference; fileEncoding = 4; lastKnownFileType = sourcecode.c.h; path = portfolioViewController.h; sourceTree = "<group>"; };
		D096F6BC17E8B7F800ADB9F9 /* portfolioViewController.m */ = {isa = PBXFileReference; fileEncoding = 4; lastKnownFileType = sourcecode.c.objc; path = portfolioViewController.m; sourceTree = "<group>"; };
		D096F6BE17E8B80400ADB9F9 /* orderListViewController.h */ = {isa = PBXFileReference; fileEncoding = 4; lastKnownFileType = sourcecode.c.h; path = orderListViewController.h; sourceTree = "<group>"; };
		D096F6BF17E8B80400ADB9F9 /* orderListViewController.m */ = {isa = PBXFileReference; fileEncoding = 4; lastKnownFileType = sourcecode.c.objc; path = orderListViewController.m; sourceTree = "<group>"; };
		D096F6C117E8BA8C00ADB9F9 /* sqCell.h */ = {isa = PBXFileReference; fileEncoding = 4; lastKnownFileType = sourcecode.c.h; path = sqCell.h; sourceTree = "<group>"; };
		D096F6C217E8BA8C00ADB9F9 /* sqCell.m */ = {isa = PBXFileReference; fileEncoding = 4; lastKnownFileType = sourcecode.c.objc; path = sqCell.m; sourceTree = "<group>"; };
		D09EA39C17E75FDB00DD22CB /* LoginViewController.h */ = {isa = PBXFileReference; fileEncoding = 4; lastKnownFileType = sourcecode.c.h; path = LoginViewController.h; sourceTree = "<group>"; };
		D09EA39D17E75FDB00DD22CB /* LoginViewController.m */ = {isa = PBXFileReference; fileEncoding = 4; lastKnownFileType = sourcecode.c.objc; path = LoginViewController.m; sourceTree = "<group>"; };
		D0AA8A4417EB280200FB2497 /* login@2x.png */ = {isa = PBXFileReference; lastKnownFileType = image.png; path = "login@2x.png"; sourceTree = "<group>"; };
		D0AA8A4617EB2B0800FB2497 /* tf@2x.png */ = {isa = PBXFileReference; lastKnownFileType = image.png; path = "tf@2x.png"; sourceTree = "<group>"; };
		D0AA8A4817EB2C8700FB2497 /* sign_in@2x.png */ = {isa = PBXFileReference; lastKnownFileType = image.png; path = "sign_in@2x.png"; sourceTree = "<group>"; };
		D0AA8A4A17EB2FFB00FB2497 /* sign_in_p@2x.png */ = {isa = PBXFileReference; lastKnownFileType = image.png; path = "sign_in_p@2x.png"; sourceTree = "<group>"; };
		D0C1E1ED17E34815003333A5 /* POST.app */ = {isa = PBXFileReference; explicitFileType = wrapper.application; includeInIndex = 0; path = POST.app; sourceTree = BUILT_PRODUCTS_DIR; };
		D0C1E1F017E34815003333A5 /* UIKit.framework */ = {isa = PBXFileReference; lastKnownFileType = wrapper.framework; name = UIKit.framework; path = System/Library/Frameworks/UIKit.framework; sourceTree = SDKROOT; };
		D0C1E1F217E34815003333A5 /* Foundation.framework */ = {isa = PBXFileReference; lastKnownFileType = wrapper.framework; name = Foundation.framework; path = System/Library/Frameworks/Foundation.framework; sourceTree = SDKROOT; };
		D0C1E1F417E34815003333A5 /* CoreGraphics.framework */ = {isa = PBXFileReference; lastKnownFileType = wrapper.framework; name = CoreGraphics.framework; path = System/Library/Frameworks/CoreGraphics.framework; sourceTree = SDKROOT; };
		D0C1E1F817E34815003333A5 /* POST-Info.plist */ = {isa = PBXFileReference; lastKnownFileType = text.plist.xml; path = "POST-Info.plist"; sourceTree = "<group>"; };
		D0C1E1FA17E34815003333A5 /* en */ = {isa = PBXFileReference; lastKnownFileType = text.plist.strings; name = en; path = en.lproj/InfoPlist.strings; sourceTree = "<group>"; };
		D0C1E1FC17E34815003333A5 /* main.m */ = {isa = PBXFileReference; lastKnownFileType = sourcecode.c.objc; path = main.m; sourceTree = "<group>"; };
		D0C1E1FE17E34815003333A5 /* POST-Prefix.pch */ = {isa = PBXFileReference; lastKnownFileType = sourcecode.c.h; path = "POST-Prefix.pch"; sourceTree = "<group>"; };
		D0C1E1FF17E34815003333A5 /* POST_AppDelegate.h */ = {isa = PBXFileReference; lastKnownFileType = sourcecode.c.h; path = POST_AppDelegate.h; sourceTree = "<group>"; };
		D0C1E20017E34815003333A5 /* POST_AppDelegate.m */ = {isa = PBXFileReference; lastKnownFileType = sourcecode.c.objc; path = POST_AppDelegate.m; sourceTree = "<group>"; };
		D0C1E20217E34815003333A5 /* Default.png */ = {isa = PBXFileReference; lastKnownFileType = image.png; path = Default.png; sourceTree = "<group>"; };
		D0C1E20417E34815003333A5 /* Default@2x.png */ = {isa = PBXFileReference; lastKnownFileType = image.png; path = "Default@2x.png"; sourceTree = "<group>"; };
		D0C1E20617E34815003333A5 /* Default-568h@2x.png */ = {isa = PBXFileReference; lastKnownFileType = image.png; path = "Default-568h@2x.png"; sourceTree = "<group>"; };
		D0C1E21517E34C4B003333A5 /* post_leftViewController.h */ = {isa = PBXFileReference; fileEncoding = 4; lastKnownFileType = sourcecode.c.h; path = post_leftViewController.h; sourceTree = "<group>"; };
		D0C1E21617E34C4B003333A5 /* post_leftViewController.m */ = {isa = PBXFileReference; fileEncoding = 4; lastKnownFileType = sourcecode.c.objc; path = post_leftViewController.m; sourceTree = "<group>"; };
		D0C1E21917E34C5D003333A5 /* MMDrawerBarButtonItem.h */ = {isa = PBXFileReference; fileEncoding = 4; lastKnownFileType = sourcecode.c.h; path = MMDrawerBarButtonItem.h; sourceTree = "<group>"; };
		D0C1E21A17E34C5D003333A5 /* MMDrawerBarButtonItem.m */ = {isa = PBXFileReference; fileEncoding = 4; lastKnownFileType = sourcecode.c.objc; path = MMDrawerBarButtonItem.m; sourceTree = "<group>"; };
		D0C1E21B17E34C5D003333A5 /* MMDrawerController+Subclass.h */ = {isa = PBXFileReference; fileEncoding = 4; lastKnownFileType = sourcecode.c.h; path = "MMDrawerController+Subclass.h"; sourceTree = "<group>"; };
		D0C1E21C17E34C5D003333A5 /* MMDrawerController.h */ = {isa = PBXFileReference; fileEncoding = 4; lastKnownFileType = sourcecode.c.h; path = MMDrawerController.h; sourceTree = "<group>"; };
		D0C1E21D17E34C5D003333A5 /* MMDrawerController.m */ = {isa = PBXFileReference; fileEncoding = 4; lastKnownFileType = sourcecode.c.objc; path = MMDrawerController.m; sourceTree = "<group>"; };
		D0C1E21E17E34C5D003333A5 /* MMDrawerVisualState.h */ = {isa = PBXFileReference; fileEncoding = 4; lastKnownFileType = sourcecode.c.h; path = MMDrawerVisualState.h; sourceTree = "<group>"; };
		D0C1E21F17E34C5D003333A5 /* MMDrawerVisualState.m */ = {isa = PBXFileReference; fileEncoding = 4; lastKnownFileType = sourcecode.c.objc; path = MMDrawerVisualState.m; sourceTree = "<group>"; };
		D0C1E22017E34C5D003333A5 /* UIViewController+MMDrawerController.h */ = {isa = PBXFileReference; fileEncoding = 4; lastKnownFileType = sourcecode.c.h; path = "UIViewController+MMDrawerController.h"; sourceTree = "<group>"; };
		D0C1E22117E34C5D003333A5 /* UIViewController+MMDrawerController.m */ = {isa = PBXFileReference; fileEncoding = 4; lastKnownFileType = sourcecode.c.objc; path = "UIViewController+MMDrawerController.m"; sourceTree = "<group>"; };
		D0C1E22617E34CA0003333A5 /* QuartzCore.framework */ = {isa = PBXFileReference; lastKnownFileType = wrapper.framework; name = QuartzCore.framework; path = System/Library/Frameworks/QuartzCore.framework; sourceTree = SDKROOT; };
		D0C1E22917E34CBE003333A5 /* AFHTTPClient.h */ = {isa = PBXFileReference; fileEncoding = 4; lastKnownFileType = sourcecode.c.h; path = AFHTTPClient.h; sourceTree = "<group>"; };
		D0C1E22A17E34CBE003333A5 /* AFHTTPClient.m */ = {isa = PBXFileReference; fileEncoding = 4; lastKnownFileType = sourcecode.c.objc; path = AFHTTPClient.m; sourceTree = "<group>"; };
		D0C1E22B17E34CBE003333A5 /* AFHTTPRequestOperation.h */ = {isa = PBXFileReference; fileEncoding = 4; lastKnownFileType = sourcecode.c.h; path = AFHTTPRequestOperation.h; sourceTree = "<group>"; };
		D0C1E22C17E34CBE003333A5 /* AFHTTPRequestOperation.m */ = {isa = PBXFileReference; fileEncoding = 4; lastKnownFileType = sourcecode.c.objc; path = AFHTTPRequestOperation.m; sourceTree = "<group>"; };
		D0C1E22D17E34CBE003333A5 /* AFImageRequestOperation.h */ = {isa = PBXFileReference; fileEncoding = 4; lastKnownFileType = sourcecode.c.h; path = AFImageRequestOperation.h; sourceTree = "<group>"; };
		D0C1E22E17E34CBE003333A5 /* AFImageRequestOperation.m */ = {isa = PBXFileReference; fileEncoding = 4; lastKnownFileType = sourcecode.c.objc; path = AFImageRequestOperation.m; sourceTree = "<group>"; };
		D0C1E22F17E34CBE003333A5 /* AFJSONRequestOperation.h */ = {isa = PBXFileReference; fileEncoding = 4; lastKnownFileType = sourcecode.c.h; path = AFJSONRequestOperation.h; sourceTree = "<group>"; };
		D0C1E23017E34CBE003333A5 /* AFJSONRequestOperation.m */ = {isa = PBXFileReference; fileEncoding = 4; lastKnownFileType = sourcecode.c.objc; path = AFJSONRequestOperation.m; sourceTree = "<group>"; };
		D0C1E23117E34CBE003333A5 /* AFNetworkActivityIndicatorManager.h */ = {isa = PBXFileReference; fileEncoding = 4; lastKnownFileType = sourcecode.c.h; path = AFNetworkActivityIndicatorManager.h; sourceTree = "<group>"; };
		D0C1E23217E34CBE003333A5 /* AFNetworkActivityIndicatorManager.m */ = {isa = PBXFileReference; fileEncoding = 4; lastKnownFileType = sourcecode.c.objc; path = AFNetworkActivityIndicatorManager.m; sourceTree = "<group>"; };
		D0C1E23317E34CBE003333A5 /* AFNetworking.h */ = {isa = PBXFileReference; fileEncoding = 4; lastKnownFileType = sourcecode.c.h; path = AFNetworking.h; sourceTree = "<group>"; };
		D0C1E23417E34CBE003333A5 /* AFPropertyListRequestOperation.h */ = {isa = PBXFileReference; fileEncoding = 4; lastKnownFileType = sourcecode.c.h; path = AFPropertyListRequestOperation.h; sourceTree = "<group>"; };
		D0C1E23517E34CBE003333A5 /* AFPropertyListRequestOperation.m */ = {isa = PBXFileReference; fileEncoding = 4; lastKnownFileType = sourcecode.c.objc; path = AFPropertyListRequestOperation.m; sourceTree = "<group>"; };
		D0C1E23617E34CBE003333A5 /* AFURLConnectionOperation.h */ = {isa = PBXFileReference; fileEncoding = 4; lastKnownFileType = sourcecode.c.h; path = AFURLConnectionOperation.h; sourceTree = "<group>"; };
		D0C1E23717E34CBE003333A5 /* AFURLConnectionOperation.m */ = {isa = PBXFileReference; fileEncoding = 4; lastKnownFileType = sourcecode.c.objc; path = AFURLConnectionOperation.m; sourceTree = "<group>"; };
		D0C1E23817E34CBE003333A5 /* AFXMLRequestOperation.h */ = {isa = PBXFileReference; fileEncoding = 4; lastKnownFileType = sourcecode.c.h; path = AFXMLRequestOperation.h; sourceTree = "<group>"; };
		D0C1E23917E34CBE003333A5 /* AFXMLRequestOperation.m */ = {isa = PBXFileReference; fileEncoding = 4; lastKnownFileType = sourcecode.c.objc; path = AFXMLRequestOperation.m; sourceTree = "<group>"; };
		D0C1E23A17E34CBE003333A5 /* UIImageView+AFNetworking.h */ = {isa = PBXFileReference; fileEncoding = 4; lastKnownFileType = sourcecode.c.h; path = "UIImageView+AFNetworking.h"; sourceTree = "<group>"; };
		D0C1E23B17E34CBE003333A5 /* UIImageView+AFNetworking.m */ = {isa = PBXFileReference; fileEncoding = 4; lastKnownFileType = sourcecode.c.objc; path = "UIImageView+AFNetworking.m"; sourceTree = "<group>"; };
		D0C1E24517E34D45003333A5 /* Security.framework */ = {isa = PBXFileReference; lastKnownFileType = wrapper.framework; name = Security.framework; path = System/Library/Frameworks/Security.framework; sourceTree = SDKROOT; };
		D0C1E25617E34EC7003333A5 /* liveTradeViewController.h */ = {isa = PBXFileReference; fileEncoding = 4; lastKnownFileType = sourcecode.c.h; path = liveTradeViewController.h; sourceTree = "<group>"; };
		D0C1E25717E34EC7003333A5 /* liveTradeViewController.m */ = {isa = PBXFileReference; fileEncoding = 4; lastKnownFileType = sourcecode.c.objc; path = liveTradeViewController.m; sourceTree = "<group>"; };
		D0C1E25917E34ED8003333A5 /* st_watchViewController.h */ = {isa = PBXFileReference; fileEncoding = 4; lastKnownFileType = sourcecode.c.h; path = st_watchViewController.h; sourceTree = "<group>"; };
		D0C1E25A17E34ED8003333A5 /* st_watchViewController.m */ = {isa = PBXFileReference; fileEncoding = 4; lastKnownFileType = sourcecode.c.objc; path = st_watchViewController.m; sourceTree = "<group>"; };
		D0C1E25C17E34EE7003333A5 /* st_quoteViewController.h */ = {isa = PBXFileReference; fileEncoding = 4; lastKnownFileType = sourcecode.c.h; path = st_quoteViewController.h; sourceTree = "<group>"; };
		D0C1E25D17E34EE7003333A5 /* st_quoteViewController.m */ = {isa = PBXFileReference; fileEncoding = 4; lastKnownFileType = sourcecode.c.objc; path = st_quoteViewController.m; sourceTree = "<group>"; };
		D0C1E25F17E34EF1003333A5 /* indexViewController.h */ = {isa = PBXFileReference; fileEncoding = 4; lastKnownFileType = sourcecode.c.h; path = indexViewController.h; sourceTree = "<group>"; };
		D0C1E26017E34EF1003333A5 /* indexViewController.m */ = {isa = PBXFileReference; fileEncoding = 4; lastKnownFileType = sourcecode.c.objc; path = indexViewController.m; sourceTree = "<group>"; };
		D0C1E26217E34EFC003333A5 /* completeBookViewController.h */ = {isa = PBXFileReference; fileEncoding = 4; lastKnownFileType = sourcecode.c.h; path = completeBookViewController.h; sourceTree = "<group>"; };
		D0C1E26317E34EFC003333A5 /* completeBookViewController.m */ = {isa = PBXFileReference; fileEncoding = 4; lastKnownFileType = sourcecode.c.objc; path = completeBookViewController.m; sourceTree = "<group>"; };
		D0C1E26517E34F09003333A5 /* chartViewController.h */ = {isa = PBXFileReference; fileEncoding = 4; lastKnownFileType = sourcecode.c.h; path = chartViewController.h; sourceTree = "<group>"; };
		D0C1E26617E34F09003333A5 /* chartViewController.m */ = {isa = PBXFileReference; fileEncoding = 4; lastKnownFileType = sourcecode.c.objc; path = chartViewController.m; sourceTree = "<group>"; };
		D0C1E26817E34F16003333A5 /* brokerRankViewController.h */ = {isa = PBXFileReference; fileEncoding = 4; lastKnownFileType = sourcecode.c.h; path = brokerRankViewController.h; sourceTree = "<group>"; };
		D0C1E26917E34F16003333A5 /* brokerRankViewController.m */ = {isa = PBXFileReference; fileEncoding = 4; lastKnownFileType = sourcecode.c.objc; path = brokerRankViewController.m; sourceTree = "<group>"; };
		D0C1E26E17E34F51003333A5 /* accountSettingViewController.h */ = {isa = PBXFileReference; fileEncoding = 4; lastKnownFileType = sourcecode.c.h; path = accountSettingViewController.h; sourceTree = "<group>"; };
		D0C1E26F17E34F51003333A5 /* accountSettingViewController.m */ = {isa = PBXFileReference; fileEncoding = 4; lastKnownFileType = sourcecode.c.objc; path = accountSettingViewController.m; sourceTree = "<group>"; };
		D0C1E27117E34F61003333A5 /* companiesViewController.h */ = {isa = PBXFileReference; fileEncoding = 4; lastKnownFileType = sourcecode.c.h; path = companiesViewController.h; sourceTree = "<group>"; };
		D0C1E27217E34F61003333A5 /* companiesViewController.m */ = {isa = PBXFileReference; fileEncoding = 4; lastKnownFileType = sourcecode.c.objc; path = companiesViewController.m; sourceTree = "<group>"; };
		D0C1E27717E364D8003333A5 /* nav_header@2x.png */ = {isa = PBXFileReference; lastKnownFileType = image.png; path = "nav_header@2x.png"; sourceTree = "<group>"; };
		D0C1E27917E36824003333A5 /* leftCell.h */ = {isa = PBXFileReference; fileEncoding = 4; lastKnownFileType = sourcecode.c.h; path = leftCell.h; sourceTree = "<group>"; };
		D0C1E27A17E36824003333A5 /* leftCell.m */ = {isa = PBXFileReference; fileEncoding = 4; lastKnownFileType = sourcecode.c.objc; path = leftCell.m; sourceTree = "<group>"; };
		D0C1E27D17E3727B003333A5 /* OpenSans-Bold.ttf */ = {isa = PBXFileReference; lastKnownFileType = file; path = "OpenSans-Bold.ttf"; sourceTree = "<group>"; };
		D0C1E27E17E3727B003333A5 /* OpenSans-ExtraBold.ttf */ = {isa = PBXFileReference; lastKnownFileType = file; path = "OpenSans-ExtraBold.ttf"; sourceTree = "<group>"; };
		D0C1E27F17E3727B003333A5 /* OpenSans-Light.ttf */ = {isa = PBXFileReference; lastKnownFileType = file; path = "OpenSans-Light.ttf"; sourceTree = "<group>"; };
		D0C1E28017E3727B003333A5 /* OpenSans-Regular.ttf */ = {isa = PBXFileReference; lastKnownFileType = file; path = "OpenSans-Regular.ttf"; sourceTree = "<group>"; };
		D0C1E28117E3727B003333A5 /* OpenSans-Semibold.ttf */ = {isa = PBXFileReference; lastKnownFileType = file; path = "OpenSans-Semibold.ttf"; sourceTree = "<group>"; };
		D0FAF5AD17EC016F001F813D /* Panin.xcdatamodel */ = {isa = PBXFileReference; lastKnownFileType = wrapper.xcdatamodel; path = Panin.xcdatamodel; sourceTree = "<group>"; };
		D0FAF5B217EC01DA001F813D /* StockWatch.h */ = {isa = PBXFileReference; fileEncoding = 4; lastKnownFileType = sourcecode.c.h; path = StockWatch.h; sourceTree = "<group>"; };
		D0FAF5B317EC01DA001F813D /* StockWatch.m */ = {isa = PBXFileReference; fileEncoding = 4; lastKnownFileType = sourcecode.c.objc; path = StockWatch.m; sourceTree = "<group>"; };
		D0FAF5B517EC01DA001F813D /* StockInit.h */ = {isa = PBXFileReference; fileEncoding = 4; lastKnownFileType = sourcecode.c.h; path = StockInit.h; sourceTree = "<group>"; };
		D0FAF5B617EC01DA001F813D /* StockInit.m */ = {isa = PBXFileReference; fileEncoding = 4; lastKnownFileType = sourcecode.c.objc; path = StockInit.m; sourceTree = "<group>"; };
		D0FAF5B817EC01DB001F813D /* Configuration.h */ = {isa = PBXFileReference; fileEncoding = 4; lastKnownFileType = sourcecode.c.h; path = Configuration.h; sourceTree = "<group>"; };
		D0FAF5B917EC01DB001F813D /* Configuration.m */ = {isa = PBXFileReference; fileEncoding = 4; lastKnownFileType = sourcecode.c.objc; path = Configuration.m; sourceTree = "<group>"; };
		D0FAF5BB17EC01DB001F813D /* Server.h */ = {isa = PBXFileReference; fileEncoding = 4; lastKnownFileType = sourcecode.c.h; path = Server.h; sourceTree = "<group>"; };
		D0FAF5BC17EC01DB001F813D /* Server.m */ = {isa = PBXFileReference; fileEncoding = 4; lastKnownFileType = sourcecode.c.objc; path = Server.m; sourceTree = "<group>"; };
/* End PBXFileReference section */

/* Begin PBXFrameworksBuildPhase section */
		D0C1E1EA17E34815003333A5 /* Frameworks */ = {
			isa = PBXFrameworksBuildPhase;
			buildActionMask = 2147483647;
			files = (
				D07FA63D17E5CB1A000FE15E /* Accelerate.framework in Frameworks */,
				D07FA63417E5A55A000FE15E /* CoreData.framework in Frameworks */,
				D0C1E22717E34CA0003333A5 /* QuartzCore.framework in Frameworks */,
				D0C1E1F117E34815003333A5 /* UIKit.framework in Frameworks */,
				D0C1E25517E34EAE003333A5 /* Security.framework in Frameworks */,
				D0C1E1F317E34815003333A5 /* Foundation.framework in Frameworks */,
				D0C1E1F517E34815003333A5 /* CoreGraphics.framework in Frameworks */,
			);
			runOnlyForDeploymentPostprocessing = 0;
		};
/* End PBXFrameworksBuildPhase section */

/* Begin PBXGroup section */
		D040F3F017E8DEAB0017A174 /* model */ = {
			isa = PBXGroup;
			children = (
				D0FAF5AB17EC0163001F813D /* panin */,
				D040F3F117E8DED20017A174 /* stockInit */,
			);
			path = model;
			sourceTree = "<group>";
		};
		D040F3F117E8DED20017A174 /* stockInit */ = {
			isa = PBXGroup;
			children = (
				D040F3F217E8DEE30017A174 /* stockInit.h */,
				D040F3F317E8DEE30017A174 /* stockInit.m */,
			);
			path = stockInit;
			sourceTree = "<group>";
		};
		D041468C17EE0E4100DE2E31 /* streamer */ = {
			isa = PBXGroup;
			children = (
				D041468D17EE0E5500DE2E31 /* PaninStreamer.h */,
				D041468E17EE0E5500DE2E31 /* PaninStreamer.m */,
			);
			path = streamer;
			sourceTree = "<group>";
		};
		D041469017EE9A9300DE2E31 /* company */ = {
			isa = PBXGroup;
			children = (
				D041469117EEA40C00DE2E31 /* Company_fetcher.h */,
				D041469217EEA40C00DE2E31 /* Company_fetcher.m */,
			);
			path = company;
			sourceTree = "<group>";
		};
		D041469A17EECD0500DE2E31 /* login */ = {
			isa = PBXGroup;
			children = (
				D041469B17EECD0500DE2E31 /* login.h */,
				D041469C17EECD0500DE2E31 /* login.m */,
			);
			path = login;
			sourceTree = "<group>";
		};
		D041469E17EECD1A00DE2E31 /* broker */ = {
			isa = PBXGroup;
			children = (
				D041469F17EECD2400DE2E31 /* broker.h */,
				D04146A017EECD2400DE2E31 /* broker.m */,
			);
			path = broker;
			sourceTree = "<group>";
		};
		D07FA5C517E45705000FE15E /* livetradeCell */ = {
			isa = PBXGroup;
			children = (
				D07FA5C617E45713000FE15E /* liveTradeCell.h */,
				D07FA5C717E45713000FE15E /* liveTradeCell.m */,
			);
			path = livetradeCell;
			sourceTree = "<group>";
		};
		D07FA5DD17E5A543000FE15E /* MagicalRecord */ = {
			isa = PBXGroup;
			children = (
				D07FA5DE17E5A543000FE15E /* Categories */,
				D07FA60817E5A543000FE15E /* Core */,
				D07FA61817E5A543000FE15E /* CoreData+MagicalRecord.h */,
			);
			path = MagicalRecord;
			sourceTree = "<group>";
		};
		D07FA5DE17E5A543000FE15E /* Categories */ = {
			isa = PBXGroup;
			children = (
				D07FA5DF17E5A543000FE15E /* DataImport */,
				D07FA5EE17E5A543000FE15E /* NSManagedObject */,
				D07FA5F917E5A543000FE15E /* NSManagedObjectContext */,
				D07FA60217E5A543000FE15E /* NSManagedObjectModel+MagicalRecord.h */,
				D07FA60317E5A543000FE15E /* NSManagedObjectModel+MagicalRecord.m */,
				D07FA60417E5A543000FE15E /* NSPersistentStore+MagicalRecord.h */,
				D07FA60517E5A543000FE15E /* NSPersistentStore+MagicalRecord.m */,
				D07FA60617E5A543000FE15E /* NSPersistentStoreCoordinator+MagicalRecord.h */,
				D07FA60717E5A543000FE15E /* NSPersistentStoreCoordinator+MagicalRecord.m */,
			);
			path = Categories;
			sourceTree = "<group>";
		};
		D07FA5DF17E5A543000FE15E /* DataImport */ = {
			isa = PBXGroup;
			children = (
				D07FA5E017E5A543000FE15E /* MagicalImportFunctions.h */,
				D07FA5E117E5A543000FE15E /* MagicalImportFunctions.m */,
				D07FA5E217E5A543000FE15E /* NSAttributeDescription+MagicalDataImport.h */,
				D07FA5E317E5A543000FE15E /* NSAttributeDescription+MagicalDataImport.m */,
				D07FA5E417E5A543000FE15E /* NSEntityDescription+MagicalDataImport.h */,
				D07FA5E517E5A543000FE15E /* NSEntityDescription+MagicalDataImport.m */,
				D07FA5E617E5A543000FE15E /* NSNumber+MagicalDataImport.h */,
				D07FA5E717E5A543000FE15E /* NSNumber+MagicalDataImport.m */,
				D07FA5E817E5A543000FE15E /* NSObject+MagicalDataImport.h */,
				D07FA5E917E5A543000FE15E /* NSObject+MagicalDataImport.m */,
				D07FA5EA17E5A543000FE15E /* NSRelationshipDescription+MagicalDataImport.h */,
				D07FA5EB17E5A543000FE15E /* NSRelationshipDescription+MagicalDataImport.m */,
				D07FA5EC17E5A543000FE15E /* NSString+MagicalDataImport.h */,
				D07FA5ED17E5A543000FE15E /* NSString+MagicalDataImport.m */,
			);
			path = DataImport;
			sourceTree = "<group>";
		};
		D07FA5EE17E5A543000FE15E /* NSManagedObject */ = {
			isa = PBXGroup;
			children = (
				D07FA5EF17E5A543000FE15E /* NSManagedObject+MagicalAggregation.h */,
				D07FA5F017E5A543000FE15E /* NSManagedObject+MagicalAggregation.m */,
				D07FA5F117E5A543000FE15E /* NSManagedObject+MagicalDataImport.h */,
				D07FA5F217E5A543000FE15E /* NSManagedObject+MagicalDataImport.m */,
				D07FA5F317E5A543000FE15E /* NSManagedObject+MagicalFinders.h */,
				D07FA5F417E5A543000FE15E /* NSManagedObject+MagicalFinders.m */,
				D07FA5F517E5A543000FE15E /* NSManagedObject+MagicalRecord.h */,
				D07FA5F617E5A543000FE15E /* NSManagedObject+MagicalRecord.m */,
				D07FA5F717E5A543000FE15E /* NSManagedObject+MagicalRequests.h */,
				D07FA5F817E5A543000FE15E /* NSManagedObject+MagicalRequests.m */,
			);
			path = NSManagedObject;
			sourceTree = "<group>";
		};
		D07FA5F917E5A543000FE15E /* NSManagedObjectContext */ = {
			isa = PBXGroup;
			children = (
				D07FA5FA17E5A543000FE15E /* NSManagedObjectContext+MagicalObserving.h */,
				D07FA5FB17E5A543000FE15E /* NSManagedObjectContext+MagicalObserving.m */,
				D07FA5FC17E5A543000FE15E /* NSManagedObjectContext+MagicalRecord.h */,
				D07FA5FD17E5A543000FE15E /* NSManagedObjectContext+MagicalRecord.m */,
				D07FA5FE17E5A543000FE15E /* NSManagedObjectContext+MagicalSaves.h */,
				D07FA5FF17E5A543000FE15E /* NSManagedObjectContext+MagicalSaves.m */,
				D07FA60017E5A543000FE15E /* NSManagedObjectContext+MagicalThreading.h */,
				D07FA60117E5A543000FE15E /* NSManagedObjectContext+MagicalThreading.m */,
			);
			path = NSManagedObjectContext;
			sourceTree = "<group>";
		};
		D07FA60817E5A543000FE15E /* Core */ = {
			isa = PBXGroup;
			children = (
				D07FA60917E5A543000FE15E /* MagicalRecord+Actions.h */,
				D07FA60A17E5A543000FE15E /* MagicalRecord+Actions.m */,
				D07FA60B17E5A543000FE15E /* MagicalRecord+ErrorHandling.h */,
				D07FA60C17E5A543000FE15E /* MagicalRecord+ErrorHandling.m */,
				D07FA60D17E5A543000FE15E /* MagicalRecord+iCloud.h */,
				D07FA60E17E5A543000FE15E /* MagicalRecord+iCloud.m */,
				D07FA60F17E5A543000FE15E /* MagicalRecord+Options.h */,
				D07FA61017E5A543000FE15E /* MagicalRecord+Options.m */,
				D07FA61117E5A543000FE15E /* MagicalRecord+Setup.h */,
				D07FA61217E5A543000FE15E /* MagicalRecord+Setup.m */,
				D07FA61317E5A543000FE15E /* MagicalRecord+ShorthandSupport.h */,
				D07FA61417E5A543000FE15E /* MagicalRecord+ShorthandSupport.m */,
				D07FA61517E5A543000FE15E /* MagicalRecord.h */,
				D07FA61617E5A543000FE15E /* MagicalRecord.m */,
				D07FA61717E5A543000FE15E /* MagicalRecordShorthand.h */,
			);
			path = Core;
			sourceTree = "<group>";
		};
		D07FA63517E5CB07000FE15E /* ASDepthModal */ = {
			isa = PBXGroup;
			children = (
				D07FA63617E5CB07000FE15E /* ASDepthModalViewController.h */,
				D07FA63717E5CB07000FE15E /* ASDepthModalViewController.m */,
				D07FA63817E5CB07000FE15E /* UIImage+Blur.h */,
				D07FA63917E5CB07000FE15E /* UIImage+Blur.m */,
			);
			path = ASDepthModal;
			sourceTree = "<group>";
		};
		D096F6AB17E889D300ADB9F9 /* helper */ = {
			isa = PBXGroup;
			children = (
				D041469E17EECD1A00DE2E31 /* broker */,
				D041469A17EECD0500DE2E31 /* login */,
				D041469017EE9A9300DE2E31 /* company */,
				D041468C17EE0E4100DE2E31 /* streamer */,
				D096F6AC17E889D300ADB9F9 /* netra */,
			);
			path = helper;
			sourceTree = "<group>";
		};
		D096F6AC17E889D300ADB9F9 /* netra */ = {
			isa = PBXGroup;
			children = (
				D096F6AD17E889E700ADB9F9 /* netra.h */,
				D096F6AE17E889E700ADB9F9 /* netra.m */,
			);
			path = netra;
			sourceTree = "<group>";
		};
		D096F6B017E8916400ADB9F9 /* research */ = {
			isa = PBXGroup;
			children = (
				D096F6B117E891A800ADB9F9 /* researchViewController.h */,
				D096F6B217E891A800ADB9F9 /* researchViewController.m */,
			);
			path = research;
			sourceTree = "<group>";
		};
		D096F6B417E89B7100ADB9F9 /* contact */ = {
			isa = PBXGroup;
			children = (
				D096F6B517E89B8C00ADB9F9 /* contactViewController.h */,
				D096F6B617E89B8C00ADB9F9 /* contactViewController.m */,
			);
			name = contact;
			path = ../tradingCentral/contact;
			sourceTree = "<group>";
		};
		D096F6B917E8B7DD00ADB9F9 /* my OrderList */ = {
			isa = PBXGroup;
			children = (
				D096F6BE17E8B80400ADB9F9 /* orderListViewController.h */,
				D096F6BF17E8B80400ADB9F9 /* orderListViewController.m */,
			);
			path = "my OrderList";
			sourceTree = "<group>";
		};
		D096F6BA17E8B7DD00ADB9F9 /* portfolio */ = {
			isa = PBXGroup;
			children = (
				D096F6BB17E8B7F800ADB9F9 /* portfolioViewController.h */,
				D096F6BC17E8B7F800ADB9F9 /* portfolioViewController.m */,
			);
			path = portfolio;
			sourceTree = "<group>";
		};
		D09EA39B17E75FCE00DD22CB /* login */ = {
			isa = PBXGroup;
			children = (
				D09EA39C17E75FDB00DD22CB /* LoginViewController.h */,
				D09EA39D17E75FDB00DD22CB /* LoginViewController.m */,
			);
			path = login;
			sourceTree = "<group>";
		};
		D0C1E1E417E34815003333A5 = {
			isa = PBXGroup;
			children = (
				D07FA63C17E5CB1A000FE15E /* Accelerate.framework */,
				D07FA63317E5A559000FE15E /* CoreData.framework */,
				D0C1E1F617E34815003333A5 /* POST */,
				D0C1E1EF17E34815003333A5 /* Frameworks */,
				D0C1E1EE17E34815003333A5 /* Products */,
			);
			sourceTree = "<group>";
		};
		D0C1E1EE17E34815003333A5 /* Products */ = {
			isa = PBXGroup;
			children = (
				D0C1E1ED17E34815003333A5 /* POST.app */,
			);
			name = Products;
			sourceTree = "<group>";
		};
		D0C1E1EF17E34815003333A5 /* Frameworks */ = {
			isa = PBXGroup;
			children = (
				D0C1E24517E34D45003333A5 /* Security.framework */,
				D0C1E22617E34CA0003333A5 /* QuartzCore.framework */,
				D0C1E1F017E34815003333A5 /* UIKit.framework */,
				D0C1E1F217E34815003333A5 /* Foundation.framework */,
				D0C1E1F417E34815003333A5 /* CoreGraphics.framework */,
			);
			name = Frameworks;
			sourceTree = "<group>";
		};
		D0C1E1F617E34815003333A5 /* POST */ = {
			isa = PBXGroup;
			children = (
				D040F3F017E8DEAB0017A174 /* model */,
				D0C1E20F17E34C31003333A5 /* assets */,
				D0C1E21117E34C31003333A5 /* library */,
				D0C1E21217E34C31003333A5 /* view */,
				D0C1E1FF17E34815003333A5 /* POST_AppDelegate.h */,
				D0C1E20017E34815003333A5 /* POST_AppDelegate.m */,
				D0C1E1F717E34815003333A5 /* Supporting Files */,
			);
			path = POST;
			sourceTree = "<group>";
		};
		D0C1E1F717E34815003333A5 /* Supporting Files */ = {
			isa = PBXGroup;
			children = (
				D0C1E1F817E34815003333A5 /* POST-Info.plist */,
				D0C1E1F917E34815003333A5 /* InfoPlist.strings */,
				D0C1E1FC17E34815003333A5 /* main.m */,
				D0C1E1FE17E34815003333A5 /* POST-Prefix.pch */,
				D0C1E20217E34815003333A5 /* Default.png */,
				D0C1E20417E34815003333A5 /* Default@2x.png */,
				D0C1E20617E34815003333A5 /* Default-568h@2x.png */,
			);
			name = "Supporting Files";
			sourceTree = "<group>";
		};
		D0C1E20F17E34C31003333A5 /* assets */ = {
			isa = PBXGroup;
			children = (
				D0C1E27C17E3727B003333A5 /* font */,
				D0C1E21017E34C31003333A5 /* image */,
			);
			path = assets;
			sourceTree = "<group>";
		};
		D0C1E21017E34C31003333A5 /* image */ = {
			isa = PBXGroup;
			children = (
				D018E18117EFEAA400A132E8 /* logo@2x.png */,
				D02A4DAA17EA892000BB7CCD /* cp_header@2x.png */,
				D040F3FA17E982960017A174 /* details@2x.png */,
				D040F3F817E8E1500017A174 /* bq_header@2x.png */,
				D07FA63E17E5F69A000FE15E /* sq_header@2x.png */,
				D0AA8A4817EB2C8700FB2497 /* sign_in@2x.png */,
				D07FA5CB17E45AB6000FE15E /* livetrade_head@2x.png */,
				D07FA5DB17E57CC4000FE15E /* livetrade_head_table@2x.png */,
				D07FA5CD17E4737D000FE15E /* table_s@2x.png */,
				D07FA5D517E54D50000FE15E /* buy@2x.png */,
				D07FA5D317E54A95000FE15E /* sell@2x.png */,
				D0AA8A4417EB280200FB2497 /* login@2x.png */,
				D07FA5D717E5610E000FE15E /* buy_@2x.png */,
				D07FA5D817E5610E000FE15E /* sell_@2x.png */,
				D0AA8A4617EB2B0800FB2497 /* tf@2x.png */,
				D0AA8A4A17EB2FFB00FB2497 /* sign_in_p@2x.png */,
				D07FA5D117E4A9F6000FE15E /* livetrade_right@2x.png */,
				D07FA5CF17E47542000FE15E /* right@2x.png */,
				D07FA5C917E457E5000FE15E /* main_bg@2x.png */,
				D07FA5C317E3F488000FE15E /* navbar@2x.png */,
				D0C1E27717E364D8003333A5 /* nav_header@2x.png */,
			);
			path = image;
			sourceTree = "<group>";
		};
		D0C1E21117E34C31003333A5 /* library */ = {
			isa = PBXGroup;
			children = (
				D096F6AB17E889D300ADB9F9 /* helper */,
				D07FA63517E5CB07000FE15E /* ASDepthModal */,
				D07FA5DD17E5A543000FE15E /* MagicalRecord */,
				D0C1E22817E34CBE003333A5 /* AFNetworking */,
				D0C1E21817E34C5D003333A5 /* MMDrawerController */,
			);
			path = library;
			sourceTree = "<group>";
		};
		D0C1E21217E34C31003333A5 /* view */ = {
			isa = PBXGroup;
			children = (
				D0C1E21317E34C31003333A5 /* center */,
				D0C1E21417E34C31003333A5 /* left */,
			);
			path = view;
			sourceTree = "<group>";
		};
		D0C1E21317E34C31003333A5 /* center */ = {
			isa = PBXGroup;
			children = (
				D09EA39B17E75FCE00DD22CB /* login */,
				D0C1E24817E34E63003333A5 /* information */,
				D0C1E24A17E34E63003333A5 /* myaccount */,
				D0C1E24C17E34E63003333A5 /* trade */,
				D0C1E24D17E34E63003333A5 /* tradingCentral */,
			);
			path = center;
			sourceTree = "<group>";
		};
		D0C1E21417E34C31003333A5 /* left */ = {
			isa = PBXGroup;
			children = (
				D0C1E21517E34C4B003333A5 /* post_leftViewController.h */,
				D0C1E21617E34C4B003333A5 /* post_leftViewController.m */,
				D0C1E27917E36824003333A5 /* leftCell.h */,
				D0C1E27A17E36824003333A5 /* leftCell.m */,
			);
			path = left;
			sourceTree = "<group>";
		};
		D0C1E21817E34C5D003333A5 /* MMDrawerController */ = {
			isa = PBXGroup;
			children = (
				D0C1E21917E34C5D003333A5 /* MMDrawerBarButtonItem.h */,
				D0C1E21A17E34C5D003333A5 /* MMDrawerBarButtonItem.m */,
				D0C1E21B17E34C5D003333A5 /* MMDrawerController+Subclass.h */,
				D0C1E21C17E34C5D003333A5 /* MMDrawerController.h */,
				D0C1E21D17E34C5D003333A5 /* MMDrawerController.m */,
				D0C1E21E17E34C5D003333A5 /* MMDrawerVisualState.h */,
				D0C1E21F17E34C5D003333A5 /* MMDrawerVisualState.m */,
				D0C1E22017E34C5D003333A5 /* UIViewController+MMDrawerController.h */,
				D0C1E22117E34C5D003333A5 /* UIViewController+MMDrawerController.m */,
			);
			path = MMDrawerController;
			sourceTree = "<group>";
		};
		D0C1E22817E34CBE003333A5 /* AFNetworking */ = {
			isa = PBXGroup;
			children = (
				D0C1E22917E34CBE003333A5 /* AFHTTPClient.h */,
				D0C1E22A17E34CBE003333A5 /* AFHTTPClient.m */,
				D0C1E22B17E34CBE003333A5 /* AFHTTPRequestOperation.h */,
				D0C1E22C17E34CBE003333A5 /* AFHTTPRequestOperation.m */,
				D0C1E22D17E34CBE003333A5 /* AFImageRequestOperation.h */,
				D0C1E22E17E34CBE003333A5 /* AFImageRequestOperation.m */,
				D0C1E22F17E34CBE003333A5 /* AFJSONRequestOperation.h */,
				D0C1E23017E34CBE003333A5 /* AFJSONRequestOperation.m */,
				D0C1E23117E34CBE003333A5 /* AFNetworkActivityIndicatorManager.h */,
				D0C1E23217E34CBE003333A5 /* AFNetworkActivityIndicatorManager.m */,
				D0C1E23317E34CBE003333A5 /* AFNetworking.h */,
				D0C1E23417E34CBE003333A5 /* AFPropertyListRequestOperation.h */,
				D0C1E23517E34CBE003333A5 /* AFPropertyListRequestOperation.m */,
				D0C1E23617E34CBE003333A5 /* AFURLConnectionOperation.h */,
				D0C1E23717E34CBE003333A5 /* AFURLConnectionOperation.m */,
				D0C1E23817E34CBE003333A5 /* AFXMLRequestOperation.h */,
				D0C1E23917E34CBE003333A5 /* AFXMLRequestOperation.m */,
				D0C1E23A17E34CBE003333A5 /* UIImageView+AFNetworking.h */,
				D0C1E23B17E34CBE003333A5 /* UIImageView+AFNetworking.m */,
			);
			path = AFNetworking;
			sourceTree = "<group>";
		};
		D0C1E24817E34E63003333A5 /* information */ = {
			isa = PBXGroup;
			children = (
				D0C1E24917E34E63003333A5 /* companies */,
				D096F6B417E89B7100ADB9F9 /* contact */,
				D096F6B017E8916400ADB9F9 /* research */,
			);
			path = information;
			sourceTree = "<group>";
		};
		D0C1E24917E34E63003333A5 /* companies */ = {
			isa = PBXGroup;
			children = (
				D0C1E27117E34F61003333A5 /* companiesViewController.h */,
				D0C1E27217E34F61003333A5 /* companiesViewController.m */,
				D02A4DA717EA880000BB7CCD /* comapanyCell.h */,
				D02A4DA817EA880000BB7CCD /* comapanyCell.m */,
			);
			path = companies;
			sourceTree = "<group>";
		};
		D0C1E24A17E34E63003333A5 /* myaccount */ = {
			isa = PBXGroup;
			children = (
				D0C1E24B17E34E63003333A5 /* account_setting */,
			);
			path = myaccount;
			sourceTree = "<group>";
		};
		D0C1E24B17E34E63003333A5 /* account_setting */ = {
			isa = PBXGroup;
			children = (
				D0C1E26E17E34F51003333A5 /* accountSettingViewController.h */,
				D0C1E26F17E34F51003333A5 /* accountSettingViewController.m */,
			);
			path = account_setting;
			sourceTree = "<group>";
		};
		D0C1E24C17E34E63003333A5 /* trade */ = {
			isa = PBXGroup;
			children = (
				D096F6B917E8B7DD00ADB9F9 /* my OrderList */,
				D096F6BA17E8B7DD00ADB9F9 /* portfolio */,
			);
			path = trade;
			sourceTree = "<group>";
		};
		D0C1E24D17E34E63003333A5 /* tradingCentral */ = {
			isa = PBXGroup;
			children = (
				D0C1E24E17E34E63003333A5 /* BrokerRank */,
				D0C1E24F17E34E63003333A5 /* chart */,
				D0C1E25017E34E63003333A5 /* Completebook */,
				D0C1E25117E34E63003333A5 /* index */,
				D0C1E25217E34E63003333A5 /* livetrade */,
				D0C1E25317E34E63003333A5 /* stockQuote */,
				D0C1E25417E34E63003333A5 /* stockwatch */,
			);
			path = tradingCentral;
			sourceTree = "<group>";
		};
		D0C1E24E17E34E63003333A5 /* BrokerRank */ = {
			isa = PBXGroup;
			children = (
				D0C1E26817E34F16003333A5 /* brokerRankViewController.h */,
				D0C1E26917E34F16003333A5 /* brokerRankViewController.m */,
				D040F3F517E8DF6C0017A174 /* brokerCell.h */,
				D040F3F617E8DF6C0017A174 /* brokerCell.m */,
			);
			path = BrokerRank;
			sourceTree = "<group>";
		};
		D0C1E24F17E34E63003333A5 /* chart */ = {
			isa = PBXGroup;
			children = (
				D0C1E26517E34F09003333A5 /* chartViewController.h */,
				D0C1E26617E34F09003333A5 /* chartViewController.m */,
			);
			path = chart;
			sourceTree = "<group>";
		};
		D0C1E25017E34E63003333A5 /* Completebook */ = {
			isa = PBXGroup;
			children = (
				D0C1E26217E34EFC003333A5 /* completeBookViewController.h */,
				D0C1E26317E34EFC003333A5 /* completeBookViewController.m */,
			);
			path = Completebook;
			sourceTree = "<group>";
		};
		D0C1E25117E34E63003333A5 /* index */ = {
			isa = PBXGroup;
			children = (
				D0C1E25F17E34EF1003333A5 /* indexViewController.h */,
				D0C1E26017E34EF1003333A5 /* indexViewController.m */,
			);
			path = index;
			sourceTree = "<group>";
		};
		D0C1E25217E34E63003333A5 /* livetrade */ = {
			isa = PBXGroup;
			children = (
				D07FA5C517E45705000FE15E /* livetradeCell */,
				D0C1E25617E34EC7003333A5 /* liveTradeViewController.h */,
				D0C1E25717E34EC7003333A5 /* liveTradeViewController.m */,
			);
			path = livetrade;
			sourceTree = "<group>";
		};
		D0C1E25317E34E63003333A5 /* stockQuote */ = {
			isa = PBXGroup;
			children = (
				D0C1E25C17E34EE7003333A5 /* st_quoteViewController.h */,
				D0C1E25D17E34EE7003333A5 /* st_quoteViewController.m */,
				D096F6C117E8BA8C00ADB9F9 /* sqCell.h */,
				D096F6C217E8BA8C00ADB9F9 /* sqCell.m */,
			);
			path = stockQuote;
			sourceTree = "<group>";
		};
		D0C1E25417E34E63003333A5 /* stockwatch */ = {
			isa = PBXGroup;
			children = (
				D0C1E25917E34ED8003333A5 /* st_watchViewController.h */,
				D0C1E25A17E34ED8003333A5 /* st_watchViewController.m */,
			);
			path = stockwatch;
			sourceTree = "<group>";
		};
		D0C1E27C17E3727B003333A5 /* font */ = {
			isa = PBXGroup;
			children = (
				D0C1E27D17E3727B003333A5 /* OpenSans-Bold.ttf */,
				D0C1E27E17E3727B003333A5 /* OpenSans-ExtraBold.ttf */,
				D0C1E27F17E3727B003333A5 /* OpenSans-Light.ttf */,
				D0C1E28017E3727B003333A5 /* OpenSans-Regular.ttf */,
				D0C1E28117E3727B003333A5 /* OpenSans-Semibold.ttf */,
			);
			path = font;
			sourceTree = "<group>";
		};
		D0FAF5AB17EC0163001F813D /* panin */ = {
			isa = PBXGroup;
			children = (
				D0FAF5AC17EC016F001F813D /* Panin.xcdatamodeld */,
				D0FAF5B517EC01DA001F813D /* StockInit.h */,
				D0FAF5B617EC01DA001F813D /* StockInit.m */,
				D0FAF5BB17EC01DB001F813D /* Server.h */,
				D0FAF5BC17EC01DB001F813D /* Server.m */,
				D0FAF5B817EC01DB001F813D /* Configuration.h */,
				D0FAF5B917EC01DB001F813D /* Configuration.m */,
				D0FAF5B217EC01DA001F813D /* StockWatch.h */,
				D0FAF5B317EC01DA001F813D /* StockWatch.m */,
			);
			path = panin;
			sourceTree = "<group>";
		};
/* End PBXGroup section */

/* Begin PBXNativeTarget section */
		D0C1E1EC17E34815003333A5 /* POST */ = {
			isa = PBXNativeTarget;
			buildConfigurationList = D0C1E20A17E34815003333A5 /* Build configuration list for PBXNativeTarget "POST" */;
			buildPhases = (
				D0C1E1E917E34815003333A5 /* Sources */,
				D0C1E1EA17E34815003333A5 /* Frameworks */,
				D0C1E1EB17E34815003333A5 /* Resources */,
			);
			buildRules = (
			);
			dependencies = (
			);
			name = POST;
			productName = POST;
			productReference = D0C1E1ED17E34815003333A5 /* POST.app */;
			productType = "com.apple.product-type.application";
		};
/* End PBXNativeTarget section */

/* Begin PBXProject section */
		D0C1E1E517E34815003333A5 /* Project object */ = {
			isa = PBXProject;
			attributes = {
				CLASSPREFIX = "Suara Hewan";
				LastUpgradeCheck = 0460;
				ORGANIZATIONNAME = netra;
			};
			buildConfigurationList = D0C1E1E817E34815003333A5 /* Build configuration list for PBXProject "POST" */;
			compatibilityVersion = "Xcode 3.2";
			developmentRegion = English;
			hasScannedForEncodings = 0;
			knownRegions = (
				en,
			);
			mainGroup = D0C1E1E417E34815003333A5;
			productRefGroup = D0C1E1EE17E34815003333A5 /* Products */;
			projectDirPath = "";
			projectRoot = "";
			targets = (
				D0C1E1EC17E34815003333A5 /* POST */,
			);
		};
/* End PBXProject section */

/* Begin PBXResourcesBuildPhase section */
		D0C1E1EB17E34815003333A5 /* Resources */ = {
			isa = PBXResourcesBuildPhase;
			buildActionMask = 2147483647;
			files = (
				D0C1E1FB17E34815003333A5 /* InfoPlist.strings in Resources */,
				D0C1E20317E34815003333A5 /* Default.png in Resources */,
				D0C1E20517E34815003333A5 /* Default@2x.png in Resources */,
				D0C1E20717E34815003333A5 /* Default-568h@2x.png in Resources */,
				D0C1E27817E364D8003333A5 /* nav_header@2x.png in Resources */,
				D0C1E28217E3727B003333A5 /* OpenSans-Bold.ttf in Resources */,
				D0C1E28317E3727B003333A5 /* OpenSans-ExtraBold.ttf in Resources */,
				D0C1E28417E3727B003333A5 /* OpenSans-Light.ttf in Resources */,
				D0C1E28517E3727B003333A5 /* OpenSans-Regular.ttf in Resources */,
				D0C1E28617E3727B003333A5 /* OpenSans-Semibold.ttf in Resources */,
				D07FA5C417E3F488000FE15E /* navbar@2x.png in Resources */,
				D07FA5CA17E457E5000FE15E /* main_bg@2x.png in Resources */,
				D07FA5CC17E45AB6000FE15E /* livetrade_head@2x.png in Resources */,
				D07FA5CE17E4737D000FE15E /* table_s@2x.png in Resources */,
				D018E18217EFEAA400A132E8 /* logo@2x.png in Resources */,
				D07FA5D017E47542000FE15E /* right@2x.png in Resources */,
				D07FA5D217E4A9F7000FE15E /* livetrade_right@2x.png in Resources */,
				D07FA5D417E54A95000FE15E /* sell@2x.png in Resources */,
				D07FA5D617E54D50000FE15E /* buy@2x.png in Resources */,
				D07FA5D917E5610E000FE15E /* buy_@2x.png in Resources */,
				D07FA5DA17E5610E000FE15E /* sell_@2x.png in Resources */,
				D07FA5DC17E57CC4000FE15E /* livetrade_head_table@2x.png in Resources */,
				D07FA63F17E5F69A000FE15E /* sq_header@2x.png in Resources */,
				D040F3F917E8E1500017A174 /* bq_header@2x.png in Resources */,
				D040F3FB17E982960017A174 /* details@2x.png in Resources */,
				D02A4DAB17EA892000BB7CCD /* cp_header@2x.png in Resources */,
				D0AA8A4517EB280200FB2497 /* login@2x.png in Resources */,
				D0AA8A4717EB2B0800FB2497 /* tf@2x.png in Resources */,
				D0AA8A4917EB2C8700FB2497 /* sign_in@2x.png in Resources */,
				D0AA8A4B17EB2FFB00FB2497 /* sign_in_p@2x.png in Resources */,
			);
			runOnlyForDeploymentPostprocessing = 0;
		};
/* End PBXResourcesBuildPhase section */

/* Begin PBXSourcesBuildPhase section */
		D0C1E1E917E34815003333A5 /* Sources */ = {
			isa = PBXSourcesBuildPhase;
			buildActionMask = 2147483647;
			files = (
				D0C1E1FD17E34815003333A5 /* main.m in Sources */,
				D0C1E20117E34815003333A5 /* POST_AppDelegate.m in Sources */,
				D04146A117EECD2400DE2E31 /* broker.m in Sources */,
				D0C1E21717E34C4B003333A5 /* post_leftViewController.m in Sources */,
				D0C1E22217E34C5D003333A5 /* MMDrawerBarButtonItem.m in Sources */,
				D0C1E22317E34C5D003333A5 /* MMDrawerController.m in Sources */,
				D0C1E22417E34C5D003333A5 /* MMDrawerVisualState.m in Sources */,
				D0C1E22517E34C5D003333A5 /* UIViewController+MMDrawerController.m in Sources */,
				D0C1E23C17E34CBE003333A5 /* AFHTTPClient.m in Sources */,
				D0C1E23D17E34CBE003333A5 /* AFHTTPRequestOperation.m in Sources */,
				D0C1E23E17E34CBE003333A5 /* AFImageRequestOperation.m in Sources */,
				D0C1E23F17E34CBE003333A5 /* AFJSONRequestOperation.m in Sources */,
				D0C1E24017E34CBE003333A5 /* AFNetworkActivityIndicatorManager.m in Sources */,
				D0C1E24117E34CBE003333A5 /* AFPropertyListRequestOperation.m in Sources */,
				D0C1E24217E34CBE003333A5 /* AFURLConnectionOperation.m in Sources */,
				D0C1E24317E34CBE003333A5 /* AFXMLRequestOperation.m in Sources */,
				D0C1E24417E34CBE003333A5 /* UIImageView+AFNetworking.m in Sources */,
				D0C1E25817E34EC7003333A5 /* liveTradeViewController.m in Sources */,
				D0C1E25B17E34ED8003333A5 /* st_watchViewController.m in Sources */,
				D0C1E25E17E34EE7003333A5 /* st_quoteViewController.m in Sources */,
				D041469317EEA40C00DE2E31 /* Company_fetcher.m in Sources */,
				D0C1E26117E34EF1003333A5 /* indexViewController.m in Sources */,
				D0C1E26417E34EFC003333A5 /* completeBookViewController.m in Sources */,
				D0C1E26717E34F09003333A5 /* chartViewController.m in Sources */,
				D0C1E26A17E34F16003333A5 /* brokerRankViewController.m in Sources */,
				D0C1E27017E34F51003333A5 /* accountSettingViewController.m in Sources */,
				D0C1E27317E34F61003333A5 /* companiesViewController.m in Sources */,
				D041469D17EECD0500DE2E31 /* login.m in Sources */,
				D0C1E27B17E36824003333A5 /* leftCell.m in Sources */,
				D07FA5C817E45713000FE15E /* liveTradeCell.m in Sources */,
				D07FA61917E5A543000FE15E /* MagicalImportFunctions.m in Sources */,
				D07FA61A17E5A543000FE15E /* NSAttributeDescription+MagicalDataImport.m in Sources */,
				D07FA61B17E5A543000FE15E /* NSEntityDescription+MagicalDataImport.m in Sources */,
				D07FA61C17E5A543000FE15E /* NSNumber+MagicalDataImport.m in Sources */,
				D07FA61D17E5A543000FE15E /* NSObject+MagicalDataImport.m in Sources */,
				D07FA61E17E5A543000FE15E /* NSRelationshipDescription+MagicalDataImport.m in Sources */,
				D07FA61F17E5A543000FE15E /* NSString+MagicalDataImport.m in Sources */,
				D07FA62017E5A543000FE15E /* NSManagedObject+MagicalAggregation.m in Sources */,
				D07FA62117E5A543000FE15E /* NSManagedObject+MagicalDataImport.m in Sources */,
				D07FA62217E5A543000FE15E /* NSManagedObject+MagicalFinders.m in Sources */,
				D07FA62317E5A543000FE15E /* NSManagedObject+MagicalRecord.m in Sources */,
				D07FA62417E5A543000FE15E /* NSManagedObject+MagicalRequests.m in Sources */,
				D07FA62517E5A543000FE15E /* NSManagedObjectContext+MagicalObserving.m in Sources */,
				D07FA62617E5A543000FE15E /* NSManagedObjectContext+MagicalRecord.m in Sources */,
				D07FA62717E5A543000FE15E /* NSManagedObjectContext+MagicalSaves.m in Sources */,
				D07FA62817E5A543000FE15E /* NSManagedObjectContext+MagicalThreading.m in Sources */,
				D07FA62917E5A543000FE15E /* NSManagedObjectModel+MagicalRecord.m in Sources */,
				D07FA62A17E5A543000FE15E /* NSPersistentStore+MagicalRecord.m in Sources */,
				D07FA62B17E5A543000FE15E /* NSPersistentStoreCoordinator+MagicalRecord.m in Sources */,
				D07FA62C17E5A543000FE15E /* MagicalRecord+Actions.m in Sources */,
				D07FA62D17E5A543000FE15E /* MagicalRecord+ErrorHandling.m in Sources */,
				D07FA62E17E5A543000FE15E /* MagicalRecord+iCloud.m in Sources */,
				D07FA62F17E5A543000FE15E /* MagicalRecord+Options.m in Sources */,
				D07FA63017E5A543000FE15E /* MagicalRecord+Setup.m in Sources */,
				D07FA63117E5A543000FE15E /* MagicalRecord+ShorthandSupport.m in Sources */,
				D07FA63217E5A543000FE15E /* MagicalRecord.m in Sources */,
				D07FA63A17E5CB07000FE15E /* ASDepthModalViewController.m in Sources */,
				D07FA63B17E5CB07000FE15E /* UIImage+Blur.m in Sources */,
				D09EA39E17E75FDB00DD22CB /* LoginViewController.m in Sources */,
				D096F6AF17E889E700ADB9F9 /* netra.m in Sources */,
				D096F6B317E891A800ADB9F9 /* researchViewController.m in Sources */,
				D096F6B717E89B8C00ADB9F9 /* contactViewController.m in Sources */,
				D096F6BD17E8B7F800ADB9F9 /* portfolioViewController.m in Sources */,
				D096F6C017E8B80400ADB9F9 /* orderListViewController.m in Sources */,
				D041468F17EE0E5500DE2E31 /* PaninStreamer.m in Sources */,
				D096F6C317E8BA8C00ADB9F9 /* sqCell.m in Sources */,
				D040F3F417E8DEE30017A174 /* stockInit.m in Sources */,
				D040F3F717E8DF6C0017A174 /* brokerCell.m in Sources */,
				D02A4DA917EA880100BB7CCD /* comapanyCell.m in Sources */,
				D0FAF5AE17EC016F001F813D /* Panin.xcdatamodeld in Sources */,
				D0FAF5B417EC01DA001F813D /* StockWatch.m in Sources */,
				D0FAF5B717EC01DB001F813D /* StockInit.m in Sources */,
				D0FAF5BA17EC01DB001F813D /* Configuration.m in Sources */,
				D0FAF5BD17EC01DB001F813D /* Server.m in Sources */,
			);
			runOnlyForDeploymentPostprocessing = 0;
		};
/* End PBXSourcesBuildPhase section */

/* Begin PBXVariantGroup section */
		D0C1E1F917E34815003333A5 /* InfoPlist.strings */ = {
			isa = PBXVariantGroup;
			children = (
				D0C1E1FA17E34815003333A5 /* en */,
			);
			name = InfoPlist.strings;
			sourceTree = "<group>";
		};
/* End PBXVariantGroup section */

/* Begin XCBuildConfiguration section */
		D0C1E20817E34815003333A5 /* Debug */ = {
			isa = XCBuildConfiguration;
			buildSettings = {
				ALWAYS_SEARCH_USER_PATHS = NO;
				CLANG_CXX_LANGUAGE_STANDARD = "gnu++0x";
				CLANG_CXX_LIBRARY = "libc++";
				CLANG_ENABLE_OBJC_ARC = YES;
				CLANG_WARN_CONSTANT_CONVERSION = YES;
				CLANG_WARN_EMPTY_BODY = YES;
				CLANG_WARN_ENUM_CONVERSION = YES;
				CLANG_WARN_INT_CONVERSION = YES;
				CLANG_WARN__DUPLICATE_METHOD_MATCH = YES;
				"CODE_SIGN_IDENTITY[sdk=iphoneos*]" = "iPhone Developer";
				COPY_PHASE_STRIP = NO;
				GCC_C_LANGUAGE_STANDARD = gnu99;
				GCC_DYNAMIC_NO_PIC = NO;
				GCC_OPTIMIZATION_LEVEL = 0;
				GCC_PREPROCESSOR_DEFINITIONS = (
					"DEBUG=1",
					"$(inherited)",
				);
				GCC_SYMBOLS_PRIVATE_EXTERN = NO;
				GCC_WARN_ABOUT_RETURN_TYPE = YES;
				GCC_WARN_UNINITIALIZED_AUTOS = YES;
				GCC_WARN_UNUSED_VARIABLE = YES;
				IPHONEOS_DEPLOYMENT_TARGET = 6.1;
				ONLY_ACTIVE_ARCH = YES;
				SDKROOT = iphoneos;
				TARGETED_DEVICE_FAMILY = 2;
			};
			name = Debug;
		};
		D0C1E20917E34815003333A5 /* Release */ = {
			isa = XCBuildConfiguration;
			buildSettings = {
				ALWAYS_SEARCH_USER_PATHS = NO;
				CLANG_CXX_LANGUAGE_STANDARD = "gnu++0x";
				CLANG_CXX_LIBRARY = "libc++";
				CLANG_ENABLE_OBJC_ARC = YES;
				CLANG_WARN_CONSTANT_CONVERSION = YES;
				CLANG_WARN_EMPTY_BODY = YES;
				CLANG_WARN_ENUM_CONVERSION = YES;
				CLANG_WARN_INT_CONVERSION = YES;
				CLANG_WARN__DUPLICATE_METHOD_MATCH = YES;
				"CODE_SIGN_IDENTITY[sdk=iphoneos*]" = "iPhone Developer";
				COPY_PHASE_STRIP = YES;
				GCC_C_LANGUAGE_STANDARD = gnu99;
				GCC_WARN_ABOUT_RETURN_TYPE = YES;
				GCC_WARN_UNINITIALIZED_AUTOS = YES;
				GCC_WARN_UNUSED_VARIABLE = YES;
				IPHONEOS_DEPLOYMENT_TARGET = 6.1;
				OTHER_CFLAGS = "-DNS_BLOCK_ASSERTIONS=1";
				SDKROOT = iphoneos;
				TARGETED_DEVICE_FAMILY = 2;
				VALIDATE_PRODUCT = YES;
			};
			name = Release;
		};
		D0C1E20B17E34815003333A5 /* Debug */ = {
			isa = XCBuildConfiguration;
			buildSettings = {
				GCC_PRECOMPILE_PREFIX_HEADER = YES;
				GCC_PREFIX_HEADER = "POST/POST-Prefix.pch";
				INFOPLIST_FILE = "POST/POST-Info.plist";
				PRODUCT_NAME = "$(TARGET_NAME)";
				WRAPPER_EXTENSION = app;
			};
			name = Debug;
		};
		D0C1E20C17E34815003333A5 /* Release */ = {
			isa = XCBuildConfiguration;
			buildSettings = {
				GCC_PRECOMPILE_PREFIX_HEADER = YES;
				GCC_PREFIX_HEADER = "POST/POST-Prefix.pch";
				INFOPLIST_FILE = "POST/POST-Info.plist";
				PRODUCT_NAME = "$(TARGET_NAME)";
				WRAPPER_EXTENSION = app;
			};
			name = Release;
		};
/* End XCBuildConfiguration section */

/* Begin XCConfigurationList section */
		D0C1E1E817E34815003333A5 /* Build configuration list for PBXProject "POST" */ = {
			isa = XCConfigurationList;
			buildConfigurations = (
				D0C1E20817E34815003333A5 /* Debug */,
				D0C1E20917E34815003333A5 /* Release */,
			);
			defaultConfigurationIsVisible = 0;
			defaultConfigurationName = Release;
		};
		D0C1E20A17E34815003333A5 /* Build configuration list for PBXNativeTarget "POST" */ = {
			isa = XCConfigurationList;
			buildConfigurations = (
				D0C1E20B17E34815003333A5 /* Debug */,
				D0C1E20C17E34815003333A5 /* Release */,
			);
			defaultConfigurationIsVisible = 0;
			defaultConfigurationName = Release;
		};
/* End XCConfigurationList section */

/* Begin XCVersionGroup section */
		D0FAF5AC17EC016F001F813D /* Panin.xcdatamodeld */ = {
			isa = XCVersionGroup;
			children = (
				D0FAF5AD17EC016F001F813D /* Panin.xcdatamodel */,
			);
			currentVersion = D0FAF5AD17EC016F001F813D /* Panin.xcdatamodel */;
			path = Panin.xcdatamodeld;
			sourceTree = "<group>";
			versionGroupType = wrapper.xcdatamodel;
		};
/* End XCVersionGroup section */
	};
	rootObject = D0C1E1E517E34815003333A5 /* Project object */;
}
